{
    "_meta": {
        "hash": {
            "sha256": "f3e5490fd9d0da637643314b5ac2699aab94cbeaca87ded17c79779bdda144af"
        },
        "pipfile-spec": 6,
        "requires": {
            "python_version": "3.11"
        },
        "sources": [
            {
                "name": "pypi",
                "url": "https://pypi.org/simple",
                "verify_ssl": true
            }
        ]
    },
    "default": {
        "annotated-types": {
            "hashes": [
                "sha256:1f02e8b43a8fbbc3f3e0d4f0f4bfc8131bcb4eebe8849b8e5c773f3a1c582a53",
                "sha256:aff07c09a53a08bc8cfccb9c85b05f1aa9a2a6f23728d790723543408344ce89"
            ],
            "index": "pypi",
            "markers": "python_version >= '3.8'",
            "version": "==0.7.0"
        },
        "asgiref": {
            "hashes": [
                "sha256:3e1e3ecc849832fe52ccf2cb6686b7a55f82bb1d6aee72a58826471390335e47",
                "sha256:c343bd80a0bec947a9860adb4c432ffa7db769836c64238fc34bdc3fec84d590"
            ],
            "index": "pypi",
            "markers": "python_version >= '3.8'",
            "version": "==3.8.1"
        },
        "click": {
            "hashes": [
                "sha256:ae74fb96c20a0277a1d615f1e4d73c8414f5a98db8b799a7931d1582f3390c28",
                "sha256:ca9853ad459e787e2192211578cc907e7594e294c7ccc834310722b41b9ca6de"
            ],
            "markers": "python_version >= '3.7'",
            "version": "==8.1.7"
        },
        "colorama": {
            "hashes": [
                "sha256:08695f5cb7ed6e0531a20572697297273c47b8cae5a63ffc6d6ed5c201be6e44",
                "sha256:4f1d9991f5acc0ca119f9d443620b77f9d6b33703e51011c16baf57afb285fc6"
            ],
            "index": "pypi",
            "markers": "python_version >= '2.7' and python_version not in '3.0, 3.1, 3.2, 3.3, 3.4, 3.5, 3.6'",
            "version": "==0.4.6"
        },
        "django": {
            "hashes": [
                "sha256:8363ac062bb4ef7c3f12d078f6fa5d154031d129a15170a1066412af49d30905",
                "sha256:ff1b61005004e476e0aeea47c7f79b85864c70124030e95146315396f1e7951f"
            ],
            "index": "pypi",
            "markers": "python_version >= '3.10'",
            "version": "==5.0.6"
        },
        "django-ninja": {
            "hashes": [
                "sha256:6330c3497061d9fd1f43c1200f85c13aab7687110e2899f8304e5aa476c10b44",
                "sha256:87bff046416a2653ed2fbef1408e101292bf8170684821bac82accfd73bef059"
            ],
            "index": "pypi",
            "markers": "python_version >= '3.7'",
            "version": "==1.1.0"
        },
        "granian": {
            "hashes": [
                "sha256:08e7fea29fbcda7edbfdda896d8ca46f3a2e3cbf91064a13a000668a8a69fc69",
                "sha256:0b39fd5fa49c3afe5af9ba41633fe66a5c6c0d442b628ed42cf5ddcc8b32b641",
                "sha256:11b215d461994701c68e3982d74bff679dc641539083ada534620de71b0a77ab",
                "sha256:11d704431bfc85109ed5756de99c9ae4a02d4e03ffb1451077c77dd911b42773",
                "sha256:16a5a7a1503be6eccffbe0b29a477be24626f8534c7a73a46268406b6878567a",
                "sha256:23ea348e4a470cce54eda8f6f49dc9885d684bfcc280bd6b31b09e1e3e02def2",
                "sha256:27c843bf874b24bee309b098c064429f8d1d7218294ade8d05b6813c3f6e5682",
                "sha256:2d9e9a59dea5305e34ba49a6fe4fa3f41370a5a89c0d954765219ebb6e7aa739",
                "sha256:2fecb1046e0a7c4a39b521f30f648db663f3c11487c1985db944ced3a78390bf",
                "sha256:383a28e2021330820dafafece0e267ac31d6909dacbf56ef9d9826136edbb090",
                "sha256:3d3b7abe806aa7dbc9b5da913172af00ee1259578d5ed36ab8ca7fe759696017",
                "sha256:48be64d9a8dd84b298275fe89d6e27cc350ebf16c32d4079325bb92f141a955a",
                "sha256:4a9a80f4c05e642ea935e95f0566bc82fdf462b10855363a8b80b6c04384995a",
                "sha256:4f46a7babcc82ec75c4654c011ec345f42665b81abb140f2875dbf576a890865",
                "sha256:519b11a42899948f71bb565b5008618fcfa9c2a838760bc099567330eac55c92",
                "sha256:551ad05d334b67d91987219f1e191b53384e5d7f0b614e4cc1358d6979763678",
                "sha256:57087fda5623bb49da2f04c5f31fec67a19fd854a07ecd328faa96cdc392cb00",
                "sha256:59da27d54de1c0aab0ca1704e4a749f8b90801c68f45ee3bbcbc91a948e6877c",
                "sha256:605276e28a1859a7f6e0674a1a79e10c2af106be6573404e972d4001eb1c6b74",
                "sha256:6528ef091306cce6e0a0c23417ad550abe7fa7fcc6f037e9eebfe75919b48b89",
                "sha256:6adc246e863a24f755cdbb012da2f48d77103fd84e70384d2588dc6ff91d393f",
                "sha256:748b9a788acb3f8e152071fd0cd55cf2ca000ee34e506b89f9d8df57e1277c3c",
                "sha256:76ed76bee24bcc39f4fca77c105a6befb4f3e5fcc8141c2bfb0987a5e130c80f",
                "sha256:7e1d11da88deb102d5f76f5b8feff4c649a92316ac89231374b5d3b67dced8b0",
                "sha256:7e2e50715e92c561b04b21dda2bc94b4a6b5bf92aab8020af54901077c3a7004",
                "sha256:7fe1ec1f500f6d0ee1ad647e2cdc5b61d5d0ecd9d8e60b56eed9d1d52a0f94b1",
                "sha256:823ac7fcfd92e9ad61d3302091ff93e80b9c771ad5162445422272355351b550",
                "sha256:8338fa82c7deec7289a13f839bcea81d41fc2b43a9f3244f3f673a4cfb990349",
                "sha256:849c7d9c3a75f1a1a2576c8a76263321489b59bb35980463023cd0766eaa1db5",
                "sha256:85a772f52ff2cc87a19810e1990603929b283c70fa68b4ded3368e50317116ad",
                "sha256:9335f1ed1c31f4cfeadb9e56ab5ab2a6f35234feddb1995ba032bd4335af8622",
                "sha256:98c66870a54a64847a9867ce305af0ce0ecb4c2b49fbd882ed47512d0e5701be",
                "sha256:a087036ba3124d8d8721195becae7503a404f3e17683b2f331355f25062377d6",
                "sha256:a8160006b2716ecc443c477ffb1f7bec04525de76ad1f54139dbbca4d67e9093",
                "sha256:a8c409fb5fb371c47096ab37366add4e433da08afc9bed73a7d9cb949916ec04",
                "sha256:aa910bbdf4e4a9bac31b505f5632b20c1444d3e71a83e588110a1a8e7e4ed1cd",
                "sha256:aaac86cac5d280f90db9bb17d9e65cb1606a1376daac239bcc0f33fb8ae2c45a",
                "sha256:abee8147722be267d00b15a0621911e56b9827dec93dc0135b1db21b0bd98e32",
                "sha256:ac7f33c92293f848197bc38f51c8878f150eadf9d2ca213a8b6893ef786b01e1",
                "sha256:b6711c46611207aa29895755519a030d232f1b00d04fc693d095918e42fb5e8c",
                "sha256:b88bfda8c51ee6b2915b86c468d53368afa958c81c91fc20d5fe175a22b1f194",
                "sha256:bb7fcc24d13465fc57c94db37e5492843b8401dd05cfa13c32ea6336b4a304a5",
                "sha256:bc009cc9efe0cd6e97ac249feb1f69ce50a66b20c5aa79d4f1dd117f7d4edfb4",
                "sha256:c0d640ae1550ab5093fb03aa7178d407ba9c6dd7d80daee04df107d45d6956c3",
                "sha256:cb4e8e8976f4fffeb98bf163b593a11520fa8a7057315fa23d9af27f831287d0",
                "sha256:cba1bc68b31ca3d17e29a18330c536eead57215ebb9b56c86906a72ab3b094d9",
                "sha256:cbeba831ba804ba53fadaf0e385b989554c6fa72322bf40b11d6b102eb51b3cf",
                "sha256:cf64ef80a3313f75d3feeeca3f3513b6473366e23374ebf706a05189f5a54a19",
                "sha256:d10509fe69b5a062a6f5f63704701b29d00ced5881e0b939e695ae76b38269fb",
                "sha256:d78865e1f9283e91c6538509452848b42d03b74685c131f8e4f24f90440c088c",
                "sha256:d96c8581d53ecbe436a17c653d36cb08f99970b21a81c3a0381ed52f2b7b655e",
                "sha256:dada2b8f8668817d6b7ffd74f50aa82ddab925108ffac84c72602021154d4c2b",
                "sha256:e7a09e6b295bdeaa28e377698a9be12cf10b4ce038959a1f610890712b9edeef",
                "sha256:eaa073c785706cebddb5fce0edd7bf2888d1d96854b75766daba7b0b2263f1d1",
                "sha256:efc7930edb1957dcb4be20a38ca35e43b7a7fe2a32596411a7eec0d907b46083",
                "sha256:fa41fa81b2e3bcf0f78104ecaf1dc5eb84b5bf4a197a72eef125897fdd20b5c6",
                "sha256:fd6394bad8e9e9c4b8849fb6a056dc9b5d8b5e2f8d02cee41a066f574f063770"
            ],
            "index": "pypi",
            "markers": "python_version >= '3.8'",
            "version": "==1.4.1"
        },
        "orjson": {
            "hashes": [
                "sha256:0943a96b3fa09bee1afdfccc2cb236c9c64715afa375b2af296c73d91c23eab2",
                "sha256:0a62f9968bab8a676a164263e485f30a0b748255ee2f4ae49a0224be95f4532b",
                "sha256:16bda83b5c61586f6f788333d3cf3ed19015e3b9019188c56983b5a299210eb5",
                "sha256:1770e2a0eae728b050705206d84eda8b074b65ee835e7f85c919f5705b006c9b",
                "sha256:17e0713fc159abc261eea0f4feda611d32eabc35708b74bef6ad44f6c78d5ea0",
                "sha256:18566beb5acd76f3769c1d1a7ec06cdb81edc4d55d2765fb677e3eaa10fa99e0",
                "sha256:1952c03439e4dce23482ac846e7961f9d4ec62086eb98ae76d97bd41d72644d7",
                "sha256:1bd2218d5a3aa43060efe649ec564ebedec8ce6ae0a43654b81376216d5ebd42",
                "sha256:1c23dfa91481de880890d17aa7b91d586a4746a4c2aa9a145bebdbaf233768d5",
                "sha256:252124b198662eee80428f1af8c63f7ff077c88723fe206a25df8dc57a57b1fa",
                "sha256:2b166507acae7ba2f7c315dcf185a9111ad5e992ac81f2d507aac39193c2c818",
                "sha256:2e5e176c994ce4bd434d7aafb9ecc893c15f347d3d2bbd8e7ce0b63071c52e25",
                "sha256:3582b34b70543a1ed6944aca75e219e1192661a63da4d039d088a09c67543b08",
                "sha256:382e52aa4270a037d41f325e7d1dfa395b7de0c367800b6f337d8157367bf3a7",
                "sha256:416b195f78ae461601893f482287cee1e3059ec49b4f99479aedf22a20b1098b",
                "sha256:4ad1f26bea425041e0a1adad34630c4825a9e3adec49079b1fb6ac8d36f8b754",
                "sha256:4c895383b1ec42b017dd2c75ae8a5b862fc489006afde06f14afbdd0309b2af0",
                "sha256:5102f50c5fc46d94f2033fe00d392588564378260d64377aec702f21a7a22912",
                "sha256:520de5e2ef0b4ae546bea25129d6c7c74edb43fc6cf5213f511a927f2b28148b",
                "sha256:544a12eee96e3ab828dbfcb4d5a0023aa971b27143a1d35dc214c176fdfb29b3",
                "sha256:73100d9abbbe730331f2242c1fc0bcb46a3ea3b4ae3348847e5a141265479700",
                "sha256:831c6ef73f9aa53c5f40ae8f949ff7681b38eaddb6904aab89dca4d85099cb78",
                "sha256:8bc7a4df90da5d535e18157220d7915780d07198b54f4de0110eca6b6c11e290",
                "sha256:8d0b84403d287d4bfa9bf7d1dc298d5c1c5d9f444f3737929a66f2fe4fb8f134",
                "sha256:8d40c7f7938c9c2b934b297412c067936d0b54e4b8ab916fd1a9eb8f54c02294",
                "sha256:9059d15c30e675a58fdcd6f95465c1522b8426e092de9fff20edebfdc15e1cb0",
                "sha256:93433b3c1f852660eb5abdc1f4dd0ced2be031ba30900433223b28ee0140cde5",
                "sha256:978be58a68ade24f1af7758626806e13cff7748a677faf95fbb298359aa1e20d",
                "sha256:99b880d7e34542db89f48d14ddecbd26f06838b12427d5a25d71baceb5ba119d",
                "sha256:9a7bc9e8bc11bac40f905640acd41cbeaa87209e7e1f57ade386da658092dc16",
                "sha256:9e253498bee561fe85d6325ba55ff2ff08fb5e7184cd6a4d7754133bd19c9195",
                "sha256:9f3e87733823089a338ef9bbf363ef4de45e5c599a9bf50a7a9b82e86d0228da",
                "sha256:9fb6c3f9f5490a3eb4ddd46fc1b6eadb0d6fc16fb3f07320149c3286a1409dd8",
                "sha256:a39aa73e53bec8d410875683bfa3a8edf61e5a1c7bb4014f65f81d36467ea098",
                "sha256:b69a58a37dab856491bf2d3bbf259775fdce262b727f96aafbda359cb1d114d8",
                "sha256:b8d4d1a6868cde356f1402c8faeb50d62cee765a1f7ffcfd6de732ab0581e063",
                "sha256:ba7f67aa7f983c4345eeda16054a4677289011a478ca947cd69c0a86ea45e534",
                "sha256:be2719e5041e9fb76c8c2c06b9600fe8e8584e6980061ff88dcbc2691a16d20d",
                "sha256:be2aab54313752c04f2cbaab4515291ef5af8c2256ce22abc007f89f42f49109",
                "sha256:c0403ed9c706dcd2809f1600ed18f4aae50be263bd7112e54b50e2c2bc3ebd6d",
                "sha256:c8334c0d87103bb9fbbe59b78129f1f40d1d1e8355bbed2ca71853af15fa4ed3",
                "sha256:cb0175a5798bdc878956099f5c54b9837cb62cfbf5d0b86ba6d77e43861bcec2",
                "sha256:ccaa0a401fc02e8828a5bedfd80f8cd389d24f65e5ca3954d72c6582495b4bcf",
                "sha256:cf20465e74c6e17a104ecf01bf8cd3b7b252565b4ccee4548f18b012ff2f8069",
                "sha256:d4a654ec1de8fdaae1d80d55cee65893cb06494e124681ab335218be6a0691e7",
                "sha256:e852baafceff8da3c9defae29414cc8513a1586ad93e45f27b89a639c68e8176"
            ],
            "index": "pypi",
            "markers": "python_version >= '3.8'",
            "version": "==3.10.3"
        },
        "packaging": {
            "hashes": [
                "sha256:2ddfb553fdf02fb784c234c7ba6ccc288296ceabec964ad2eae3777778130bc5",
                "sha256:eb82c5e3e56209074766e6885bb04b8c38a0c015d0a30036ebe7ece34c9989e9"
            ],
            "index": "pypi",
            "markers": "python_version >= '3.7'",
            "version": "==24.0"
        },
        "pip": {
            "hashes": [
                "sha256:ba0d021a166865d2265246961bec0152ff124de910c5cc39f1156ce3fa7c69dc",
                "sha256:ea9bd1a847e8c5774a5777bb398c19e80bcd4e2aa16a4b301b718fe6f593aba2"
            ],
            "index": "pypi",
            "markers": "python_version >= '3.7'",
            "version": "==24.0"
        },
        "pltable": {
            "hashes": [
                "sha256:dc8eb7cb9721a7090dc7a5976fbec7d3ef6b82a61f86c3b98700571a3f10401a"
            ],
            "index": "pypi",
            "version": "==1.1.0"
        },
        "pydantic": {
            "hashes": [
                "sha256:71b2945998f9c9b7919a45bde9a50397b289937d215ae141c1d0903ba7149fd7",
                "sha256:834ab954175f94e6e68258537dc49402c4a5e9d0409b9f1b86b7e934a8372de7"
            ],
            "index": "pypi",
            "markers": "python_version >= '3.8'",
            "version": "==2.7.2"
        },
        "pydantic-core": {
            "hashes": [
                "sha256:01dd777215e2aa86dfd664daed5957704b769e726626393438f9c87690ce78c3",
                "sha256:0eb2a4f660fcd8e2b1c90ad566db2b98d7f3f4717c64fe0a83e0adb39766d5b8",
                "sha256:0fbbdc827fe5e42e4d196c746b890b3d72876bdbf160b0eafe9f0334525119c8",
                "sha256:123c3cec203e3f5ac7b000bd82235f1a3eced8665b63d18be751f115588fea30",
                "sha256:14601cdb733d741b8958224030e2bfe21a4a881fb3dd6fbb21f071cabd48fa0a",
                "sha256:18f469a3d2a2fdafe99296a87e8a4c37748b5080a26b806a707f25a902c040a8",
                "sha256:19894b95aacfa98e7cb093cd7881a0c76f55731efad31073db4521e2b6ff5b7d",
                "sha256:1b4de2e51bbcb61fdebd0ab86ef28062704f62c82bbf4addc4e37fa4b00b7cbc",
                "sha256:1d886dc848e60cb7666f771e406acae54ab279b9f1e4143babc9c2258213daa2",
                "sha256:1f4d26ceb5eb9eed4af91bebeae4b06c3fb28966ca3a8fb765208cf6b51102ab",
                "sha256:21a5e440dbe315ab9825fcd459b8814bb92b27c974cbc23c3e8baa2b76890077",
                "sha256:293afe532740370aba8c060882f7d26cfd00c94cae32fd2e212a3a6e3b7bc15e",
                "sha256:2f5966897e5461f818e136b8451d0551a2e77259eb0f73a837027b47dc95dab9",
                "sha256:2fd41f6eff4c20778d717af1cc50eca52f5afe7805ee530a4fbd0bae284f16e9",
                "sha256:2fdf2156aa3d017fddf8aea5adfba9f777db1d6022d392b682d2a8329e087cef",
                "sha256:3c40d4eaad41f78e3bbda31b89edc46a3f3dc6e171bf0ecf097ff7a0ffff7cb1",
                "sha256:43d447dd2ae072a0065389092a231283f62d960030ecd27565672bd40746c507",
                "sha256:44a688331d4a4e2129140a8118479443bd6f1905231138971372fcde37e43528",
                "sha256:44c7486a4228413c317952e9d89598bcdfb06399735e49e0f8df643e1ccd0558",
                "sha256:44cd83ab6a51da80fb5adbd9560e26018e2ac7826f9626bc06ca3dc074cd198b",
                "sha256:46387e38bd641b3ee5ce247563b60c5ca098da9c56c75c157a05eaa0933ed154",
                "sha256:4701b19f7e3a06ea655513f7938de6f108123bf7c86bbebb1196eb9bd35cf724",
                "sha256:4748321b5078216070b151d5271ef3e7cc905ab170bbfd27d5c83ee3ec436695",
                "sha256:4b06beb3b3f1479d32befd1f3079cc47b34fa2da62457cdf6c963393340b56e9",
                "sha256:4d0dcc59664fcb8974b356fe0a18a672d6d7cf9f54746c05f43275fc48636851",
                "sha256:4e99bc050fe65c450344421017f98298a97cefc18c53bb2f7b3531eb39bc7805",
                "sha256:509daade3b8649f80d4e5ff21aa5673e4ebe58590b25fe42fac5f0f52c6f034a",
                "sha256:51991a89639a912c17bef4b45c87bd83593aee0437d8102556af4885811d59f5",
                "sha256:53db086f9f6ab2b4061958d9c276d1dbe3690e8dd727d6abf2321d6cce37fa94",
                "sha256:564d7922e4b13a16b98772441879fcdcbe82ff50daa622d681dd682175ea918c",
                "sha256:574d92eac874f7f4db0ca653514d823a0d22e2354359d0759e3f6a406db5d55d",
                "sha256:578e24f761f3b425834f297b9935e1ce2e30f51400964ce4801002435a1b41ef",
                "sha256:59ff3e89f4eaf14050c8022011862df275b552caef8082e37b542b066ce1ff26",
                "sha256:5f09baa656c904807e832cf9cce799c6460c450c4ad80803517032da0cd062e2",
                "sha256:6891a2ae0e8692679c07728819b6e2b822fb30ca7445f67bbf6509b25a96332c",
                "sha256:6a750aec7bf431517a9fd78cb93c97b9b0c496090fee84a47a0d23668976b4b0",
                "sha256:6f5c4d41b2771c730ea1c34e458e781b18cc668d194958e0112455fff4e402b2",
                "sha256:77450e6d20016ec41f43ca4a6c63e9fdde03f0ae3fe90e7c27bdbeaece8b1ed4",
                "sha256:81b5efb2f126454586d0f40c4d834010979cb80785173d1586df845a632e4e6d",
                "sha256:823be1deb01793da05ecb0484d6c9e20baebb39bd42b5d72636ae9cf8350dbd2",
                "sha256:834b5230b5dfc0c1ec37b2fda433b271cbbc0e507560b5d1588e2cc1148cf1ce",
                "sha256:847a35c4d58721c5dc3dba599878ebbdfd96784f3fb8bb2c356e123bdcd73f34",
                "sha256:86110d7e1907ab36691f80b33eb2da87d780f4739ae773e5fc83fb272f88825f",
                "sha256:8951eee36c57cd128f779e641e21eb40bc5073eb28b2d23f33eb0ef14ffb3f5d",
                "sha256:8a7164fe2005d03c64fd3b85649891cd4953a8de53107940bf272500ba8a788b",
                "sha256:8b8bab4c97248095ae0c4455b5a1cd1cdd96e4e4769306ab19dda135ea4cdb07",
                "sha256:90afc12421df2b1b4dcc975f814e21bc1754640d502a2fbcc6d41e77af5ec312",
                "sha256:938cb21650855054dc54dfd9120a851c974f95450f00683399006aa6e8abb057",
                "sha256:942ba11e7dfb66dc70f9ae66b33452f51ac7bb90676da39a7345e99ffb55402d",
                "sha256:972658f4a72d02b8abfa2581d92d59f59897d2e9f7e708fdabe922f9087773af",
                "sha256:97736815b9cc893b2b7f663628e63f436018b75f44854c8027040e05230eeddb",
                "sha256:98906207f29bc2c459ff64fa007afd10a8c8ac080f7e4d5beff4c97086a3dabd",
                "sha256:99457f184ad90235cfe8461c4d70ab7dd2680e28821c29eca00252ba90308c78",
                "sha256:a0d829524aaefdebccb869eed855e2d04c21d2d7479b6cada7ace5448416597b",
                "sha256:a2fdd81edd64342c85ac7cf2753ccae0b79bf2dfa063785503cb85a7d3593223",
                "sha256:a55b5b16c839df1070bc113c1f7f94a0af4433fcfa1b41799ce7606e5c79ce0a",
                "sha256:a642295cd0c8df1b86fc3dced1d067874c353a188dc8e0f744626d49e9aa51c4",
                "sha256:ab86ce7c8f9bea87b9d12c7f0af71102acbf5ecbc66c17796cff45dae54ef9a5",
                "sha256:abc267fa9837245cc28ea6929f19fa335f3dc330a35d2e45509b6566dc18be23",
                "sha256:ae1d6df168efb88d7d522664693607b80b4080be6750c913eefb77e34c12c71a",
                "sha256:b2ebef0e0b4454320274f5e83a41844c63438fdc874ea40a8b5b4ecb7693f1c4",
                "sha256:b48ece5bde2e768197a2d0f6e925f9d7e3e826f0ad2271120f8144a9db18d5c8",
                "sha256:b7cdf28938ac6b8b49ae5e92f2735056a7ba99c9b110a474473fd71185c1af5d",
                "sha256:bb4462bd43c2460774914b8525f79b00f8f407c945d50881568f294c1d9b4443",
                "sha256:bc4ff9805858bd54d1a20efff925ccd89c9d2e7cf4986144b30802bf78091c3e",
                "sha256:c1322d7dd74713dcc157a2b7898a564ab091ca6c58302d5c7b4c07296e3fd00f",
                "sha256:c67598100338d5d985db1b3d21f3619ef392e185e71b8d52bceacc4a7771ea7e",
                "sha256:ca26a1e73c48cfc54c4a76ff78df3727b9d9f4ccc8dbee4ae3f73306a591676d",
                "sha256:d323a01da91851a4f17bf592faf46149c9169d68430b3146dcba2bb5e5719abc",
                "sha256:dc1803ac5c32ec324c5261c7209e8f8ce88e83254c4e1aebdc8b0a39f9ddb443",
                "sha256:e00a3f196329e08e43d99b79b286d60ce46bed10f2280d25a1718399457e06be",
                "sha256:e85637bc8fe81ddb73fda9e56bab24560bdddfa98aa64f87aaa4e4b6730c23d2",
                "sha256:e858ac0a25074ba4bce653f9b5d0a85b7456eaddadc0ce82d3878c22489fa4ee",
                "sha256:eae237477a873ab46e8dd748e515c72c0c804fb380fbe6c85533c7de51f23a8f",
                "sha256:ebef0dd9bf9b812bf75bda96743f2a6c5734a02092ae7f721c048d156d5fabae",
                "sha256:ec3beeada09ff865c344ff3bc2f427f5e6c26401cc6113d77e372c3fdac73864",
                "sha256:f76d0ad001edd426b92233d45c746fd08f467d56100fd8f30e9ace4b005266e4",
                "sha256:f85d05aa0918283cf29a30b547b4df2fbb56b45b135f9e35b6807cb28bc47951",
                "sha256:f9899c94762343f2cc2fc64c13e7cae4c3cc65cdfc87dd810a31654c9b7358cc"
            ],
            "index": "pypi",
            "markers": "python_version >= '3.8'",
            "version": "==2.18.4"
        },
        "python-dotenv": {
            "hashes": [
                "sha256:e324ee90a023d808f1959c46bcbc04446a10ced277783dc6ee09987c37ec10ca",
                "sha256:f7b63ef50f1b690dddf550d03497b66d609393b40b564ed0d674909a68ebf16a"
            ],
            "index": "pypi",
            "markers": "python_version >= '3.8'",
            "version": "==1.0.1"
        },
        "sqlparse": {
            "hashes": [
                "sha256:714d0a4932c059d16189f58ef5411ec2287a4360f17cdd0edd2d09d4c5087c93",
                "sha256:c204494cd97479d0e39f28c93d46c0b2d5959c7b9ab904762ea6c7af211c8663"
            ],
            "index": "pypi",
            "markers": "python_version >= '3.8'",
            "version": "==0.5.0"
        },
        "typing-extensions": {
            "hashes": [
                "sha256:04e5ca0351e0f3f85c6853954072df659d0d13fac324d0072316b67d7794700d",
                "sha256:1a7ead55c7e559dd4dee8856e3a88b41225abfe1ce8df57b7c13915fe121ffb8"
            ],
            "index": "pypi",
            "markers": "python_version >= '3.8'",
            "version": "==4.12.2"
        },
        "tzdata": {
            "hashes": [
                "sha256:2674120f8d891909751c38abcdfd386ac0a5a1127954fbc332af6b5ceae07efd",
                "sha256:9068bc196136463f5245e51efda838afa15aaeca9903f49050dfa2679db4d252"
            ],
            "index": "pypi",
            "markers": "python_version >= '2'",
            "version": "==2024.1"
        }
    },
    "develop": {}
}
