{
    "_meta": {
        "hash": {
            "sha256": "f3e5490fd9d0da637643314b5ac2699aab94cbeaca87ded17c79779bdda144af"
        },
        "pipfile-spec": 6,
        "requires": {
            "python_version": "3.11"
        },
        "sources": [
            {
                "name": "pypi",
                "url": "https://pypi.org/simple",
                "verify_ssl": true
            }
        ]
    },
    "default": {
        "annotated-types": {
            "hashes": [
                "sha256:1f02e8b43a8fbbc3f3e0d4f0f4bfc8131bcb4eebe8849b8e5c773f3a1c582a53",
                "sha256:aff07c09a53a08bc8cfccb9c85b05f1aa9a2a6f23728d790723543408344ce89"
            ],
            "index": "pypi",
            "markers": "python_version >= '3.8'",
            "version": "==0.7.0"
        },
        "asgiref": {
            "hashes": [
                "sha256:3e1e3ecc849832fe52ccf2cb6686b7a55f82bb1d6aee72a58826471390335e47",
                "sha256:c343bd80a0bec947a9860adb4c432ffa7db769836c64238fc34bdc3fec84d590"
            ],
            "index": "pypi",
            "markers": "python_version >= '3.8'",
            "version": "==3.8.1"
        },
        "click": {
            "hashes": [
                "sha256:ae74fb96c20a0277a1d615f1e4d73c8414f5a98db8b799a7931d1582f3390c28",
                "sha256:ca9853ad459e787e2192211578cc907e7594e294c7ccc834310722b41b9ca6de"
            ],
            "markers": "python_version >= '3.7'",
            "version": "==8.1.7"
        },
        "colorama": {
            "hashes": [
                "sha256:08695f5cb7ed6e0531a20572697297273c47b8cae5a63ffc6d6ed5c201be6e44",
                "sha256:4f1d9991f5acc0ca119f9d443620b77f9d6b33703e51011c16baf57afb285fc6"
            ],
            "index": "pypi",
            "markers": "python_version >= '2.7' and python_version not in '3.0, 3.1, 3.2, 3.3, 3.4, 3.5, 3.6'",
            "version": "==0.4.6"
        },
        "django": {
            "hashes": [
                "sha256:236e023f021f5ce7dee5779de7b286565fdea5f4ab86bae5338e3f7b69896cf0",
                "sha256:de450c09e91879fa5a307f696e57c851955c910a438a35e6b4c895e86bedc82a"
            ],
            "index": "pypi",
            "markers": "python_version >= '3.10'",
            "version": "==5.1.4"
        },
        "django-ninja": {
            "hashes": [
                "sha256:5b320e2dc0f41a6032bfa7e1ebc33559ae1e911a426f0c6be6674a50b20819be",
                "sha256:f58096b6c767d1403dfd6c49743f82d780d7b9688d9302ecab316ac1fa6131bb"
            ],
            "index": "pypi",
            "markers": "python_version >= '3.7'",
            "version": "==1.3.0"
        },
        "granian": {
            "hashes": [
                "sha256:03c51a107a58157586d480bd291a731bd4ce4f767b765671cafc35de0f4a1c56",
                "sha256:051a4a058d60e5eb92c15f03ac4a899ce0e8975a15498ce466a244cdd92626df",
                "sha256:05e88d3ac03dd3a1b8bd8799bae4ff0c93e283f780ac143b4b01635c4bb6fc4c",
                "sha256:13776db2a2864c5ab57cea40f74f933b3287c0f7efcb62be88a325f1ad1c3656",
                "sha256:1cd254fd32c1d11a66a3e8009d2500cbc273ed30b8a3b2bd85e8313fa8a16a8b",
                "sha256:1f7489f71de863f88799af566ab84a5225ed85d80ee561d792302da555c53ec4",
                "sha256:2349c4c98315cfbe83d76349eb4035c66b860ee7cdee573a8e7c9a11f99b1a61",
                "sha256:2fe128ea4d5ed979ccd8d8f10f47aef1b4cd47b16b8eab3ade462af739018368",
                "sha256:3271327dc984cd1d14a6cf77bac94027d9ac2484f4cac5c08f914df1e22ea023",
                "sha256:35dd50c8c6966e4e8aa9e7de22cc11377a2aca61f8432b8e31edeb38ef327951",
                "sha256:4ec16da2f8aa9851f3cab71a57cc8e95e179d75c22619cb042138ef661b4e1e5",
                "sha256:5085e45736fa4c8dce3e997ea0c23855396bb3a90bad136c89024b313d8ba382",
                "sha256:511929744010770ca9902fdc5879c68c8424e8808b0e0f85f3d26eb4172c551f",
                "sha256:53adedec436a7b364ca5c2ee888f3e0393efb5160615bd34d0f36025e77306b3",
                "sha256:54533c33ac6df2384c97864ed208f586270aea38f398af5ebc3dd949aa55d39a",
                "sha256:5de6a5100c308ebcf6a8031c10390b67e20b62273f33e1f98e83c0f18cce54a9",
                "sha256:5fcecb11be9b6986ec214673de55fadee1c837e38739b9b8c29aae5c5592a1f1",
                "sha256:62c8ea4f206b427d557960138e979f150764bfc37df84bd2d003cbaa3e9aed8f",
                "sha256:693db287a799417cd9607ec8a257f989b3871398ddd7433ce3340ff35ad8b7f5",
                "sha256:6db861b4e35864c0953c2e123eb175ecfa6c7e4018944d2e60bb0046288abf37",
                "sha256:70147bc7e2c6623befd196a1cc5030edd72dd38b4ad36d34b263e022845983fc",
                "sha256:71805fae765d143624cb6770118389c73a91f40549854e456372ef51c077e2c5",
                "sha256:723a94b147ac80fdd1c6b4c91a4174ebd81740341fe21f2369e1a219ad687d1e",
                "sha256:7ed1a7bce04bb5ce79628a64fbbd038a83d0ed027c3a8149269bb78ad156854f",
                "sha256:8412ec9d92f7f9a6b9cc6ce039a2bd06d681d619bdc889f65d8d4bd16d0bc704",
                "sha256:85c370cd1694be3bdee4b59a888d565250373f9f7096f6536a29f07ef9720a95",
                "sha256:87a788f82d4b2ba087eee4c6fa0a76bac914a7af4719d40e15e573532a236e37",
                "sha256:913d84cce7d68dc07ac918ceabc438c84387aca05fc20c5d3dc2ba8721e890c5",
                "sha256:92c337f78ee419bbca2472a4dae35efcd9ccf0c355c2cd68bc4dff5ef311063b",
                "sha256:95b62faaf94ac3103a15ad7ca9d025a1b4cd19420954fc4e658a61a54899a4b1",
                "sha256:999947c6ec36739f0168a4106ef365a81591d5de2d36ef0146918a27d1f34516",
                "sha256:9a5c605a940291975a671ab6c0c408028ca285f6034237cd0bcf62d4ac65d310",
                "sha256:a2aad4599374d82b3a8163959f836be267c61dca76801db051c9a000e85b6fd8",
                "sha256:b1d48a95590d87e0c67f3da7dbbea4ffacdb12bc6b0fd6d29e52249a6e1c4cba",
                "sha256:b427263e771f5b3024ac7a20d1316b6c44122f7411124a0e8d0c4cbcc2abb721",
                "sha256:b45057043ed2608788bdfa653e995cdffae2745650a3663e9673cc9fa771f6f5",
                "sha256:b46b05773d140b621392b4688fafd7a16dbbf7af5aafc48025c7d8c1fe812850",
                "sha256:b4f4501c66981354c88e250511235e33199ca051573196121dad725c3eca1942",
                "sha256:b622ffaea973627de190672fb11e6200fe1b6e66708303030f2efd284349c582",
                "sha256:b77e21bb3546731d14fb21a51fe9ff51d0c50c0160648aeb74bee9ff7fe393ad",
                "sha256:b96f83eab424d068338dab924da64c6b0364b06d7d66c7686169ba4c307eeec9",
                "sha256:be8528d21bc2e5fdb4492f31c231ee68c0498393846de80de9af3f3a590b91a0",
                "sha256:cbbd864fff33136b6b441bcfca1000e53904a00be16502a7c0529d5871c9cac4",
                "sha256:cbc7023c62ce2217f32bbf03235019f834f97d951d909a2818005ed714f6fb19",
                "sha256:dac01f32681d8387eacbd835cb70729d08ffd91a1af9fbef43ded22811bfd290",
                "sha256:e428c9d61d02026cf8edc47a45a6ec15d9482d2d7d8e38e8919b2836f17c37f0",
                "sha256:e71c248ecf421d82f781735b79e7fda09c957cd1c8d9b62cf2f0ed202ba79c1d",
                "sha256:ead97237e7c67240cdbbfb969edabd2e9e589fbd4e06e8bd8c971702c911c037",
                "sha256:f54d00ab8c74a2ef779fc9f8dcf4659eb6f6d55082a2bc176c5b976ec11d5da9",
                "sha256:f8198196631b6b3752db3ee18d0267fd8250e424ebd8cfa287ae5523dc9110bf"
            ],
            "index": "pypi",
            "markers": "python_version >= '3.9'",
            "version": "==1.7.0"
        },
        "orjson": {
            "hashes": [
                "sha256:003721c72930dbb973f25c5d8e68d0f023d6ed138b14830cc94e57c6805a2eab",
                "sha256:0065896f85d9497990731dfd4a9991a45b0a524baec42ef0a63c34630ee26fd6",
                "sha256:03b0f29d485411e3c13d79604b740b14e4e5fb58811743f6f4f9693ee6480a8f",
                "sha256:064b9dbb0217fd64a8d016a8929f2fae6f3312d55ab3036b00b1d17399ab2f3e",
                "sha256:0bc858086088b39dc622bc8219e73d3f246fb2bce70a6104abd04b3a080a66a8",
                "sha256:0dbf3b97e52e093d7c3e93eb5eb5b31dc7535b33c2ad56872c83f0160f943487",
                "sha256:0e2759d3172300b2f892dee85500b22fca5ac49e0c42cfff101aaf9c12ac9617",
                "sha256:0fee076134398d4e6cb827002468679ad402b22269510cf228301b787fdff5ae",
                "sha256:1232c5e873a4d1638ef957c5564b4b0d6f2a6ab9e207a9b3de9de05a09d1d920",
                "sha256:1884e53c6818686891cc6fc5a3a2540f2f35e8c76eac8dc3b40480fb59660b00",
                "sha256:1a7d64f1db5ecbc21eb83097e5236d6ab7e86092c1cd4c216c02533332951afc",
                "sha256:2149e2fcd084c3fd584881c7f9d7f9e5ad1e2e006609d8b80649655e0d52cd02",
                "sha256:22f1c9a30b43d14a041a6ea190d9eca8a6b80c4beb0e8b67602c82d30d6eec3e",
                "sha256:233aae4474078d82f425134bb6a10fb2b3fc5a1a1b3420c6463ddd1b6a97eda8",
                "sha256:2cdaf8b028a976ebab837a2c27b82810f7fc76ed9fb243755ba650cc83d07730",
                "sha256:33ef84f7e9513fb13b3999c2a64b9ca9c8143f3da9722fbf9c9ce51ce0d8076e",
                "sha256:3723e137772639af8adb68230f2aa4bcb27c48b3335b1b1e2d49328fed5e244c",
                "sha256:3a7df63076435f39ec024bdfeb4c9767ebe7b49abc4949068d61cf4857fa6d6c",
                "sha256:3ca6f17467ebbd763f8862f1d89384a5051b461bb0e41074f583a0ebd7120e8e",
                "sha256:4222881d0aab76224d7b003a8e5fdae4082e32c86768e0e8652de8afd6c4e2c1",
                "sha256:46c249b4e934453be4ff2e518cd1adcd90467da7391c7a79eaf2fbb79c51e8c7",
                "sha256:48a946796e390cbb803e069472de37f192b7a80f4ac82e16d6eb9909d9e39d56",
                "sha256:4a11532cbfc2f5752c37e84863ef8435b68b0e6d459b329933294f65fa4bda1a",
                "sha256:527afb6ddb0fa3fe02f5d9fba4920d9d95da58917826a9be93e0242da8abe94a",
                "sha256:5385935a73adce85cc7faac9d396683fd813566d3857fa95a0b521ef84a5b588",
                "sha256:54433e421618cd5873e51c0e9d0b9fb35f7bf76eb31c8eab20b3595bb713cd3d",
                "sha256:5f00c7fb18843bad2ac42dc1ce6dd214a083c53f1e324a0fd1c8137c6436269b",
                "sha256:5f74d878d1efb97a930b8a9f9898890067707d683eb5c7e20730030ecb3fb930",
                "sha256:6066729cf9552d70de297b56556d14b4f49c8f638803ee3c90fd212fa43cc6af",
                "sha256:62c3cc00c7e776c71c6b7b9c48c5d2701d4c04e7d1d7cdee3572998ee6dc57cc",
                "sha256:63664bf12addb318dc8f032160e0f5dc17eb8471c93601e8f5e0d07f95003784",
                "sha256:69b21d91c5c5ef8a201036d207b1adf3aa596b930b6ca3c71484dd11386cf6c3",
                "sha256:6a428afb5720f12892f64920acd2eeb4d996595bf168a26dd9190115dbf1130d",
                "sha256:711878da48f89df194edd2ba603ad42e7afed74abcd2bac164685e7ec15f96de",
                "sha256:7184f608ad563032e398f311910bc536e62b9fbdca2041be889afcbc39500de8",
                "sha256:8257c3fb8dd7b0b446b5e87bf85a28e4071ac50f8c04b6ce2d38cb4abd7dff57",
                "sha256:89367767ed27b33c25c026696507c76e3d01958406f51d3a2239fe9e91959df2",
                "sha256:8a1152e2761025c5d13b5e1908d4b1c57f3797ba662e485ae6f26e4e0c466388",
                "sha256:92b4ec30d6025a9dcdfe0df77063cbce238c08d0404471ed7a79f309364a3d19",
                "sha256:9c976bad3996aa027cd3aef78aa57873f3c959b6c38719de9724b71bdc7bd14b",
                "sha256:a3614b00621c77f3f6487792238f9ed1dd8a42f2ec0e6540ee34c2d4e6db813a",
                "sha256:a36c0d48d2f084c800763473020a12976996f1109e2fcb66cfea442fdf88047f",
                "sha256:a42b9fe4b0114b51eb5cdf9887d8c94447bc59df6dbb9c5884434eab947888d8",
                "sha256:a5a7624ab4d121c7e035708c8dd1f99c15ff155b69a1c0affc4d9d8b551281ba",
                "sha256:a94542d12271c30044dadad1125ee060e7a2048b6c7034e432e116077e1d13d2",
                "sha256:a9ecea472f3eb653e1c0a3d68085f031f18fc501ea392b98dcca3e87c24f9ebe",
                "sha256:aa6fe68f0981fba0d4bf9cdc666d297a7cdba0f1b380dcd075a9a3dd5649a69e",
                "sha256:ae537fcf330b3947e82c6ae4271e092e6cf16b9bc2cef68b14ffd0df1fa8832a",
                "sha256:b12a63f48bb53dba8453d36ca2661f2330126d54e26c1661e550b32864b28ce3",
                "sha256:b42f56821c29e697c68d7d421410d7c1d8f064ae288b525af6a50cf99a4b1200",
                "sha256:b5f7c298d4b935b222f52d6c7f2ba5eafb59d690d9a3840b7b5c5cda97f6ec5c",
                "sha256:ba5b13b8739ce5b630c65cb1c85aedbd257bcc2b9c256b06ab2605209af75a2e",
                "sha256:c0044b0b8c85a565e7c3ce0a72acc5d35cda60793edf871ed94711e712cb637d",
                "sha256:c96d2fb80467d1d0dfc4d037b4e1c0f84f1fe6229aa7fea3f070083acef7f3d7",
                "sha256:cab83e67f6aabda1b45882254b2598b48b80ecc112968fc6483fa6dae609e9f0",
                "sha256:cf16f06cb77ce8baf844bc222dbcb03838f61d0abda2c3341400c2b7604e436e",
                "sha256:d26a0eca3035619fa366cbaf49af704c7cb1d4a0e6c79eced9f6a3f2437964b6",
                "sha256:d36f689e7e1b9b6fb39dbdebc16a6f07cbe994d3644fb1c22953020fc575935f",
                "sha256:d4b6acd7c9c829895e50d385a357d4b8c3fafc19c5989da2bae11783b0fd4977",
                "sha256:d9c3a87abe6f849a4a7ac8a8a1dede6320a4303d5304006b90da7a3cd2b70d2c",
                "sha256:dbcd7aad6bcff258f6896abfbc177d54d9b18149c4c561114f47ebfe74ae6bfd",
                "sha256:dc03db4922e75bbc870b03fc49734cefbd50fe975e0878327d200022210b82d8",
                "sha256:dca1d20f1af0daff511f6e26a27354a424f0b5cf00e04280279316df0f604a6f",
                "sha256:dce1cc42ed75b585c0c4dc5eb53a90a34ccb493c09a10750d1a1f9b9eff2bd12",
                "sha256:dd2bcde107221bb9c2fa0c4aaba735a537225104173d7e19cf73f70b3126c993",
                "sha256:dda4ba4d3e6f6c53b6b9c35266788053b61656a716a7fef5c884629c2a52e7aa",
                "sha256:e1ba0c5857dd743438acecc1cd0e1adf83f0a81fee558e32b2b36f89e40cee8b",
                "sha256:e384e330a67cf52b3597ee2646de63407da6f8fc9e9beec3eaaaef5514c7a1c9",
                "sha256:e400436950ba42110a20c50c80dff4946c8e3ec09abc1c9cf5473467e83fd1c5",
                "sha256:e49333d1038bc03a25fdfe11c86360df9b890354bfe04215f1f54d030f33c342",
                "sha256:e4f998bbf300690be881772ee9c5281eb9c0044e295bcd4722504f5b5c6092ff",
                "sha256:eb9bfb14ab8f68d9d9492d4817ae497788a15fd7da72e14dfabc289c3bb088ec",
                "sha256:ee948c6c01f6b337589c88f8e0bb11e78d32a15848b8b53d3f3b6fea48842c12",
                "sha256:f47c9e7d224b86ffb086059cdcf634f4b3f32480f9838864aa09022fe2617ce2",
                "sha256:f81b26c03f5fb5f0d0ee48d83cea4d7bc5e67e420d209cc1a990f5d1c62f9be0"
            ],
            "index": "pypi",
            "markers": "python_version >= '3.8'",
            "version": "==3.10.13"
        },
        "packaging": {
            "hashes": [
                "sha256:09abb1bccd265c01f4a3aa3f7a7db064b36514d2cba19a2f694fe6150451a759",
                "sha256:c228a6dc5e932d346bc5739379109d49e8853dd8223571c7c5b55260edc0b97f"
            ],
            "index": "pypi",
            "markers": "python_version >= '3.8'",
            "version": "==24.2"
        },
        "pip": {
            "hashes": [
                "sha256:3790624780082365f47549d032f3770eeb2b1e8bd1f7b2e02dace1afa361b4ed",
                "sha256:ebcb60557f2aefabc2e0f918751cd24ea0d56d8ec5445fe1807f1d2109660b99"
            ],
            "index": "pypi",
            "markers": "python_version >= '3.8'",
            "version": "==24.3.1"
        },
        "pltable": {
            "hashes": [
                "sha256:dc8eb7cb9721a7090dc7a5976fbec7d3ef6b82a61f86c3b98700571a3f10401a"
            ],
            "index": "pypi",
            "version": "==1.1.0"
        },
        "pydantic": {
            "hashes": [
                "sha256:be04d85bbc7b65651c5f8e6b9976ed9c6f41782a55524cef079a34a0bb82144d",
                "sha256:cb5ac360ce894ceacd69c403187900a02c4b20b693a9dd1d643e1effab9eadf9"
            ],
            "index": "pypi",
            "markers": "python_version >= '3.8'",
            "version": "==2.10.3"
        },
        "pydantic-core": {
            "hashes": [
                "sha256:00e6424f4b26fe82d44577b4c842d7df97c20be6439e8e685d0d715feceb9fb9",
                "sha256:029d9757eb621cc6e1848fa0b0310310de7301057f623985698ed7ebb014391b",
                "sha256:02a3d637bd387c41d46b002f0e49c52642281edacd2740e5a42f7017feea3f2c",
                "sha256:0325336f348dbee6550d129b1627cb8f5351a9dc91aad141ffb96d4937bd9529",
                "sha256:062f60e512fc7fff8b8a9d680ff0ddaaef0193dba9fa83e679c0c5f5fbd018bc",
                "sha256:0b3dfe500de26c52abe0477dde16192ac39c98f05bf2d80e76102d394bd13854",
                "sha256:0e4216e64d203e39c62df627aa882f02a2438d18a5f21d7f721621f7a5d3611d",
                "sha256:121ceb0e822f79163dd4699e4c54f5ad38b157084d97b34de8b232bcaad70278",
                "sha256:159cac0a3d096f79ab6a44d77a961917219707e2a130739c64d4dd46281f5c2a",
                "sha256:15aae984e46de8d376df515f00450d1522077254ef6b7ce189b38ecee7c9677c",
                "sha256:15cc53a3179ba0fcefe1e3ae50beb2784dede4003ad2dfd24f81bba4b23a454f",
                "sha256:161c27ccce13b6b0c8689418da3885d3220ed2eae2ea5e9b2f7f3d48f1d52c27",
                "sha256:19910754e4cc9c63bc1c7f6d73aa1cfee82f42007e407c0f413695c2f7ed777f",
                "sha256:1ba5e3963344ff25fc8c40da90f44b0afca8cfd89d12964feb79ac1411a260ac",
                "sha256:1c00666a3bd2f84920a4e94434f5974d7bbc57e461318d6bb34ce9cdbbc1f6b2",
                "sha256:1c39b07d90be6b48968ddc8c19e7585052088fd7ec8d568bb31ff64c70ae3c97",
                "sha256:206b5cf6f0c513baffaeae7bd817717140770c74528f3e4c3e1cec7871ddd61a",
                "sha256:258c57abf1188926c774a4c94dd29237e77eda19462e5bb901d88adcab6af919",
                "sha256:2cdf7d86886bc6982354862204ae3b2f7f96f21a3eb0ba5ca0ac42c7b38598b9",
                "sha256:2d4567c850905d5eaaed2f7a404e61012a51caf288292e016360aa2b96ff38d4",
                "sha256:35c14ac45fcfdf7167ca76cc80b2001205a8d5d16d80524e13508371fb8cdd9c",
                "sha256:38de0a70160dd97540335b7ad3a74571b24f1dc3ed33f815f0880682e6880131",
                "sha256:3af385b0cee8df3746c3f406f38bcbfdc9041b5c2d5ce3e5fc6637256e60bbc5",
                "sha256:3b748c44bb9f53031c8cbc99a8a061bc181c1000c60a30f55393b6e9c45cc5bd",
                "sha256:3bbd5d8cc692616d5ef6fbbbd50dbec142c7e6ad9beb66b78a96e9c16729b089",
                "sha256:3ccaa88b24eebc0f849ce0a4d09e8a408ec5a94afff395eb69baf868f5183107",
                "sha256:3fa80ac2bd5856580e242dbc202db873c60a01b20309c8319b5c5986fbe53ce6",
                "sha256:4228b5b646caa73f119b1ae756216b59cc6e2267201c27d3912b592c5e323b60",
                "sha256:42b0e23f119b2b456d07ca91b307ae167cc3f6c846a7b169fca5326e32fdc6cf",
                "sha256:45cf8588c066860b623cd11c4ba687f8d7175d5f7ef65f7129df8a394c502de5",
                "sha256:45d9c5eb9273aa50999ad6adc6be5e0ecea7e09dbd0d31bd0c65a55a2592ca08",
                "sha256:4603137322c18eaf2e06a4495f426aa8d8388940f3c457e7548145011bb68e05",
                "sha256:46ccfe3032b3915586e469d4972973f893c0a2bb65669194a5bdea9bacc088c2",
                "sha256:4fefee876e07a6e9aad7a8c8c9f85b0cdbe7df52b8a9552307b09050f7512c7e",
                "sha256:5556470f1a2157031e676f776c2bc20acd34c1990ca5f7e56f1ebf938b9ab57c",
                "sha256:57866a76e0b3823e0b56692d1a0bf722bffb324839bb5b7226a7dbd6c9a40b17",
                "sha256:5897bec80a09b4084aee23f9b73a9477a46c3304ad1d2d07acca19723fb1de62",
                "sha256:58ca98a950171f3151c603aeea9303ef6c235f692fe555e883591103da709b23",
                "sha256:5ca038c7f6a0afd0b2448941b6ef9d5e1949e999f9e5517692eb6da58e9d44be",
                "sha256:5f6c8a66741c5f5447e047ab0ba7a1c61d1e95580d64bce852e3df1f895c4067",
                "sha256:5f8c4718cd44ec1580e180cb739713ecda2bdee1341084c1467802a417fe0f02",
                "sha256:5fde892e6c697ce3e30c61b239330fc5d569a71fefd4eb6512fc6caec9dd9e2f",
                "sha256:62a763352879b84aa31058fc931884055fd75089cccbd9d58bb6afd01141b235",
                "sha256:62ba45e21cf6571d7f716d903b5b7b6d2617e2d5d67c0923dc47b9d41369f840",
                "sha256:64c65f40b4cd8b0e049a8edde07e38b476da7e3aaebe63287c899d2cff253fa5",
                "sha256:655d7dd86f26cb15ce8a431036f66ce0318648f8853d709b4167786ec2fa4807",
                "sha256:66ff044fd0bb1768688aecbe28b6190f6e799349221fb0de0e6f4048eca14c16",
                "sha256:672ebbe820bb37988c4d136eca2652ee114992d5d41c7e4858cdd90ea94ffe5c",
                "sha256:6b9af86e1d8e4cfc82c2022bfaa6f459381a50b94a29e95dcdda8442d6d83864",
                "sha256:6e0bd57539da59a3e4671b90a502da9a28c72322a4f17866ba3ac63a82c4498e",
                "sha256:71a5e35c75c021aaf400ac048dacc855f000bdfed91614b4a726f7432f1f3d6a",
                "sha256:7597c07fbd11515f654d6ece3d0e4e5093edc30a436c63142d9a4b8e22f19c35",
                "sha256:764be71193f87d460a03f1f7385a82e226639732214b402f9aa61f0d025f0737",
                "sha256:7699b1df36a48169cdebda7ab5a2bac265204003f153b4bd17276153d997670a",
                "sha256:7ccebf51efc61634f6c2344da73e366c75e735960b5654b63d7e6f69a5885fa3",
                "sha256:7f7059ca8d64fea7f238994c97d91f75965216bcbe5f695bb44f354893f11d52",
                "sha256:8065914ff79f7eab1599bd80406681f0ad08f8e47c880f17b416c9f8f7a26d05",
                "sha256:816f5aa087094099fff7edabb5e01cc370eb21aa1a1d44fe2d2aefdfb5599b31",
                "sha256:81f2ec23ddc1b476ff96563f2e8d723830b06dceae348ce02914a37cb4e74b89",
                "sha256:84286494f6c5d05243456e04223d5a9417d7f443c3b76065e75001beb26f88de",
                "sha256:8bf7b66ce12a2ac52d16f776b31d16d91033150266eb796967a7e4621707e4f6",
                "sha256:8f1edcea27918d748c7e5e4d917297b2a0ab80cad10f86631e488b7cddf76a36",
                "sha256:981fb88516bd1ae8b0cbbd2034678a39dedc98752f264ac9bc5839d3923fa04c",
                "sha256:98476c98b02c8e9b2eec76ac4156fd006628b1b2d0ef27e548ffa978393fd154",
                "sha256:992cea5f4f3b29d6b4f7f1726ed8ee46c8331c6b4eed6db5b40134c6fe1768bb",
                "sha256:9a3b0793b1bbfd4146304e23d90045f2a9b5fd5823aa682665fbdaf2a6c28f3e",
                "sha256:9a42d6a8156ff78981f8aa56eb6394114e0dedb217cf8b729f438f643608cbcd",
                "sha256:9c10c309e18e443ddb108f0ef64e8729363adbfd92d6d57beec680f6261556f3",
                "sha256:9cbd94fc661d2bab2bc702cddd2d3370bbdcc4cd0f8f57488a81bcce90c7a54f",
                "sha256:9fdcf339322a3fae5cbd504edcefddd5a50d9ee00d968696846f089b4432cf78",
                "sha256:a0697803ed7d4af5e4c1adf1670af078f8fcab7a86350e969f454daf598c4960",
                "sha256:a28af0695a45f7060e6f9b7092558a928a28553366519f64083c63a44f70e618",
                "sha256:a2e02889071850bbfd36b56fd6bc98945e23670773bc7a76657e90e6b6603c08",
                "sha256:a33cd6ad9017bbeaa9ed78a2e0752c5e250eafb9534f308e7a5f7849b0b1bfb4",
                "sha256:a3cb37038123447cf0f3ea4c74751f6a9d7afef0eb71aa07bf5f652b5e6a132c",
                "sha256:a57847b090d7892f123726202b7daa20df6694cbd583b67a592e856bff603d6c",
                "sha256:a5a8e19d7c707c4cadb8c18f5f60c843052ae83c20fa7d44f41594c644a1d330",
                "sha256:ac3b20653bdbe160febbea8aa6c079d3df19310d50ac314911ed8cc4eb7f8cb8",
                "sha256:ac6c2c45c847bbf8f91930d88716a0fb924b51e0c6dad329b793d670ec5db792",
                "sha256:acc07b2cfc5b835444b44a9956846b578d27beeacd4b52e45489e93276241025",
                "sha256:aee66be87825cdf72ac64cb03ad4c15ffef4143dbf5c113f64a5ff4f81477bf9",
                "sha256:af52d26579b308921b73b956153066481f064875140ccd1dfd4e77db89dbb12f",
                "sha256:b94d4ba43739bbe8b0ce4262bcc3b7b9f31459ad120fb595627eaeb7f9b9ca01",
                "sha256:ba630d5e3db74c79300d9a5bdaaf6200172b107f263c98a0539eeecb857b2337",
                "sha256:bed0f8a0eeea9fb72937ba118f9db0cb7e90773462af7962d382445f3005e5a4",
                "sha256:bf99c8404f008750c846cb4ac4667b798a9f7de673ff719d705d9b2d6de49c5f",
                "sha256:c3027001c28434e7ca5a6e1e527487051136aa81803ac812be51802150d880dd",
                "sha256:c65af9088ac534313e1963443d0ec360bb2b9cba6c2909478d22c2e363d98a51",
                "sha256:d0165ab2914379bd56908c02294ed8405c252250668ebcb438a55494c69f44ab",
                "sha256:d1b26e1dff225c31897696cab7d4f0a315d4c0d9e8666dbffdb28216f3b17fdc",
                "sha256:d950caa237bb1954f1b8c9227b5065ba6875ac9771bb8ec790d956a699b78676",
                "sha256:dc61505e73298a84a2f317255fcc72b710b72980f3a1f670447a21efc88f8381",
                "sha256:e173486019cc283dc9778315fa29a363579372fe67045e971e89b6365cc035ed",
                "sha256:e1f735dc43da318cad19b4173dd1ffce1d84aafd6c9b782b3abc04a0d5a6f5bb",
                "sha256:e9386266798d64eeb19dd3677051f5705bf873e98e15897ddb7d76f477131967",
                "sha256:f216dbce0e60e4d03e0c4353c7023b202d95cbaeff12e5fd2e82ea0a66905073",
                "sha256:f4e5658dbffe8843a0f12366a4c2d1c316dbe09bb4dfbdc9d2d9cd6031de8aae",
                "sha256:f5a823165e6d04ccea61a9f0576f345f8ce40ed533013580e087bd4d7442b52c",
                "sha256:f69ed81ab24d5a3bd93861c8c4436f54afdf8e8cc421562b0c7504cf3be58206",
                "sha256:f82d068a2d6ecfc6e054726080af69a6764a10015467d7d7b9f66d6ed5afa23b"
            ],
            "index": "pypi",
            "markers": "python_version >= '3.8'",
            "version": "==2.27.1"
        },
        "python-dotenv": {
            "hashes": [
                "sha256:e324ee90a023d808f1959c46bcbc04446a10ced277783dc6ee09987c37ec10ca",
                "sha256:f7b63ef50f1b690dddf550d03497b66d609393b40b564ed0d674909a68ebf16a"
            ],
            "index": "pypi",
            "markers": "python_version >= '3.8'",
            "version": "==1.0.1"
        },
        "sqlparse": {
            "hashes": [
                "sha256:09f67787f56a0b16ecdbde1bfc7f5d9c3371ca683cfeaa8e6ff60b4807ec9272",
                "sha256:cf2196ed3418f3ba5de6af7e82c694a9fbdbfecccdfc72e281548517081f16ca"
            ],
            "index": "pypi",
            "markers": "python_version >= '3.8'",
            "version": "==0.5.3"
        },
        "typing-extensions": {
            "hashes": [
                "sha256:04e5ca0351e0f3f85c6853954072df659d0d13fac324d0072316b67d7794700d",
                "sha256:1a7ead55c7e559dd4dee8856e3a88b41225abfe1ce8df57b7c13915fe121ffb8"
            ],
            "index": "pypi",
            "markers": "python_version >= '3.8'",
            "version": "==4.12.2"
        },
        "tzdata": {
            "hashes": [
                "sha256:7d85cc416e9382e69095b7bdf4afd9e3880418a2413feec7069d533d6b4e31cc",
                "sha256:a48093786cdcde33cad18c2555e8532f34422074448fbc874186f0abd79565cd"
            ],
            "index": "pypi",
            "markers": "python_version >= '2'",
            "version": "==2024.2"
        },
        "uvloop": {
            "hashes": [
                "sha256:0878c2640cf341b269b7e128b1a5fed890adc4455513ca710d77d5e93aa6d6a0",
                "sha256:10d66943def5fcb6e7b37310eb6b5639fd2ccbc38df1177262b0640c3ca68c1f",
                "sha256:10da8046cc4a8f12c91a1c39d1dd1585c41162a15caaef165c2174db9ef18bdc",
                "sha256:17df489689befc72c39a08359efac29bbee8eee5209650d4b9f34df73d22e414",
                "sha256:183aef7c8730e54c9a3ee3227464daed66e37ba13040bb3f350bc2ddc040f22f",
                "sha256:196274f2adb9689a289ad7d65700d37df0c0930fd8e4e743fa4834e850d7719d",
                "sha256:221f4f2a1f46032b403bf3be628011caf75428ee3cc204a22addf96f586b19fd",
                "sha256:2d1f581393673ce119355d56da84fe1dd9d2bb8b3d13ce792524e1607139feff",
                "sha256:359ec2c888397b9e592a889c4d72ba3d6befba8b2bb01743f72fffbde663b59c",
                "sha256:3bf12b0fda68447806a7ad847bfa591613177275d35b6724b1ee573faa3704e3",
                "sha256:4509360fcc4c3bd2c70d87573ad472de40c13387f5fda8cb58350a1d7475e58d",
                "sha256:460def4412e473896ef179a1671b40c039c7012184b627898eea5072ef6f017a",
                "sha256:461d9ae6660fbbafedd07559c6a2e57cd553b34b0065b6550685f6653a98c1cb",
                "sha256:46923b0b5ee7fc0020bef24afe7836cb068f5050ca04caf6b487c513dc1a20b2",
                "sha256:53e420a3afe22cdcf2a0f4846e377d16e718bc70103d7088a4f7623567ba5fb0",
                "sha256:5ee4d4ef48036ff6e5cfffb09dd192c7a5027153948d85b8da7ff705065bacc6",
                "sha256:67dd654b8ca23aed0a8e99010b4c34aca62f4b7fce88f39d452ed7622c94845c",
                "sha256:787ae31ad8a2856fc4e7c095341cccc7209bd657d0e71ad0dc2ea83c4a6fa8af",
                "sha256:86975dca1c773a2c9864f4c52c5a55631038e387b47eaf56210f873887b6c8dc",
                "sha256:87c43e0f13022b998eb9b973b5e97200c8b90823454d4bc06ab33829e09fb9bb",
                "sha256:88cb67cdbc0e483da00af0b2c3cdad4b7c61ceb1ee0f33fe00e09c81e3a6cb75",
                "sha256:8a375441696e2eda1c43c44ccb66e04d61ceeffcd76e4929e527b7fa401b90fb",
                "sha256:a5c39f217ab3c663dc699c04cbd50c13813e31d917642d459fdcec07555cc553",
                "sha256:b9fb766bb57b7388745d8bcc53a359b116b8a04c83a2288069809d2b3466c37e",
                "sha256:baa0e6291d91649c6ba4ed4b2f982f9fa165b5bbd50a9e203c416a2797bab3c6",
                "sha256:baa4dcdbd9ae0a372f2167a207cd98c9f9a1ea1188a8a526431eef2f8116cc8d",
                "sha256:bc09f0ff191e61c2d592a752423c767b4ebb2986daa9ed62908e2b1b9a9ae206",
                "sha256:bd53ecc9a0f3d87ab847503c2e1552b690362e005ab54e8a48ba97da3924c0dc",
                "sha256:bfd55dfcc2a512316e65f16e503e9e450cab148ef11df4e4e679b5e8253a5281",
                "sha256:c097078b8031190c934ed0ebfee8cc5f9ba9642e6eb88322b9958b649750f72b",
                "sha256:c0f3fa6200b3108919f8bdabb9a7f87f20e7097ea3c543754cabc7d717d95cf8",
                "sha256:e678ad6fe52af2c58d2ae3c73dc85524ba8abe637f134bf3564ed07f555c5e79",
                "sha256:ec7e6b09a6fdded42403182ab6b832b71f4edaf7f37a9a0e371a01db5f0cb45f",
                "sha256:f0ce1b49560b1d2d8a2977e3ba4afb2414fb46b86a1b64056bc4ab929efdafbe",
                "sha256:f38b2e090258d051d68a5b14d1da7203a3c3677321cf32a95a6f4db4dd8b6f26",
                "sha256:f3df876acd7ec037a3d005b3ab85a7e4110422e4d9c1571d4fc89b0fc41b6816",
                "sha256:f7089d2dc73179ce5ac255bdf37c236a9f914b264825fdaacaded6990a7fb4c2"
            ],
            "markers": "sys_platform != 'win32' and platform_python_implementation == 'CPython'",
            "version": "==0.21.0"
        }
    },
    "develop": {}
}
