{
    "_meta": {
        "hash": {
            "sha256": "c7160156e4fc9e69c820b09b0ac7786292ee4dc6cfbeeb742ac0f4ec543ae3ce"
        },
        "pipfile-spec": 6,
        "requires": {
            "python_version": "3.14"
        },
        "sources": [
            {
                "name": "pypi",
                "url": "https://pypi.org/simple",
                "verify_ssl": true
            }
        ]
    },
    "default": {
        "annotated-types": {
            "hashes": [
                "sha256:13b2beaad985e05e2d6407ee4c4f35590b11f8d693a258a561055cac8f64cab7",
                "sha256:f072f4d804ea359e4eaf198b1af7a8b0943881a87f31bb764f8bf219bb9419e0"
            ],
            "index": "pypi",
            "markers": "python_version >= '3.10'",
            "version": "==0.8.0"
        },
        "asgiref": {
            "hashes": [
                "sha256:59dcb51c272ad209d59bed5708a64a333083e86017d7fcdd67498eeab7784340",
                "sha256:fe386d1c2bff7259ea95929266d12a8cf9a8b5a1c2598402967d8792e7a7c094"
            ],
            "index": "pypi",
            "markers": "python_version >= '3.10'",
            "version": "==3.12.1"
        },
        "click": {
            "hashes": [
                "sha256:255bc9599cf7748b4b1a446ccc735421bd08a2ae529a8b88597d3de5664ee360",
                "sha256:ba0d2089de75ea0310e2dde03160e6ca10009947fb95a182f9b54021bb272e34"
            ],
            "markers": "python_version >= '3.10'",
            "version": "==8.5.0"
        },
        "colorama": {
            "hashes": [
                "sha256:08695f5cb7ed6e0531a20572697297273c47b8cae5a63ffc6d6ed5c201be6e44",
                "sha256:4f1d9991f5acc0ca119f9d443620b77f9d6b33703e51011c16baf57afb285fc6"
            ],
            "index": "pypi",
            "markers": "python_version >= '2.7' and python_version not in '3.0, 3.1, 3.2, 3.3, 3.4, 3.5, 3.6'",
            "version": "==0.4.6"
        },
        "django": {
            "hashes": [
                "sha256:585fb82bf15053c42cf52e67c2f1b54a032dca384759315fd6678ab1870d1d72",
                "sha256:7ab93536d8e677aa14554c56426290c69480bf2ee68d7513d4a22f57d6bfeb84"
            ],
            "index": "pypi",
            "markers": "python_version >= '3.12'",
            "version": "==6.1.1"
        },
        "django-ninja": {
            "hashes": [
                "sha256:7a0ce06c978a42a808d9a9d7ba1cda383df8eea90040cfc232ad10b7d9024e0d",
                "sha256:f1a0f762c9810dabcb040fcff76c6e2f5d0cdb51b4a597799ee06b5df8481f3f"
            ],
            "index": "pypi",
            "markers": "python_version >= '3.7'",
            "version": "==1.7.0"
        },
        "granian": {
            "hashes": [
                "sha256:000d459d3b6cc7eb43ae673ba77411e27bdc1e278b6f7e4e01cf3fcdad2d4c6d",
                "sha256:0310c68d288b7892d0ae852ec0c5e1e894a1c642deaca1e07ca18960e3336851",
                "sha256:0c78a53649ce6aa238fa7da79a4a93931cacd80b7e9bdbe89b296902f2533aed",
                "sha256:144af53b25ef35e119cb15b79514600896c6f5f3bdac83f7d6c80a2a7384cfaa",
                "sha256:15104fb8e7946a6639eccd89c16d05c43ecdd493c97c415d1ad0b00cb6722540",
                "sha256:15fca7c867b0477209dd02940d52a35dcf0785f70081824bca5dabf7ab0b3ba7",
                "sha256:1dc5155ccadeedafa25baea4ad2cd3003db7127257ef1eb623039b2e7087c759",
                "sha256:214d4e1b7353216e3ec16cc49d8eecb29e8949ae6e2a815891250465b7c3b0f5",
                "sha256:225fc15fce8201a3d341e2eaece168a6e344dcf38cace59ecf2049be286dca33",
                "sha256:23474c7cd397741bd375f2a2c66244c0406f8911619c59a260149b22f86f76c9",
                "sha256:325458915a148c878275524ddd959bfd35a83d1672369aa45df04a52c71dd5db",
                "sha256:34ace17c95430a97633837a8c454a02417b04340e1efc103186c9e66f1e941e9",
                "sha256:35414a2eea2adf92e71762a6793412794ae32540e1103400e62dd423f38b5a7a",
                "sha256:37536dcc0592bc7f65dcbb260173e7d5719207fdf3f8dcdc8d573bc664ad014e",
                "sha256:39fadbc69e5279d1b5181411d80239a0ffd1fa75422903fb97e871545c8edb5d",
                "sha256:3a01905b1cef50c502f1866434770b2821a7ccc2cdd7b9d8ab06dee84e19720b",
                "sha256:3d150f1678ed5c90e3bd17db5ab66c8355f01dfc66ff46adc898e792d0cb577f",
                "sha256:4053a99b6fb82e98807f854d3c6d6ebe0a49353c9eb7797999d166a99c1ae399",
                "sha256:42be026b47f8bc6beda8ce01a8a193e297a93b62613340a746a06a8a17751a81",
                "sha256:434deec2c9af78785c93cd7f7a81f9869afc3003170e309ffc23f9b8ad6bbd35",
                "sha256:43c670710b34b65693f3e36d7665b18eb819e4783d43368c8144e2e9deff6b40",
                "sha256:4483b4d2271bbfdc6337e7e58fdfc1841e250ec3f118ea843882a6244d47bd0c",
                "sha256:466a23e8cb44d4b407fa3db0f37aeb45ae722cad4d4b3701d6fa6b13ca54b1ef",
                "sha256:52d59102c33717960edd3ffc4d81719509e15f06f049e6321e41ccf444d58eef",
                "sha256:54d64fba52ae5b29e7fb8489fdec5185859b0e299a6add92d4d69bf94d8684e9",
                "sha256:587f1121c44cab7df8d71b3f9bde0ac90d603096685ba212a4e193ae6fd2209c",
                "sha256:5e70dd701be4263c6b2b2f16094bcb6f6ed03fe7782165e40f850fb746a109b8",
                "sha256:63ba5fada798ff9d7fdedc3bd1fbed60d8269195fd13d4f48c273024eb23a292",
                "sha256:63fc5f40e7e258be3f61199a73fd85f49b74d0514fbc993f5e6263fa9d104013",
                "sha256:6521b5022e8d4fa0e7c68f5189ce00f5e83af7a36e84f0475f02612aa1c8c70e",
                "sha256:679ac93bc56b6af17363b6577b8e36c399e0283128f76d00e6254433b26fd037",
                "sha256:684fbb039483b42606bf74e8675262e1947ae7303e5a844a3194e02f2f853d51",
                "sha256:7341d8672475707c733f4b6f98ca8524833aa70eaab2826f333f17214cb29132",
                "sha256:76debbb97a1d5cc6a79274bb7e0c10d165d8d765ee942afb268800cbc63e3e82",
                "sha256:76f32478f96dddecdf739b85f6f27a0c8e36f9426ee4e0f18017b38ef1faa869",
                "sha256:77a1119ef84fbde0c4705cb09f3ebaa23807f5d4ddf4d1a5f7bf11056842b8d5",
                "sha256:77dacca3c0a858b958a7442557652d182f985a3b335f43d22e65d46929975f22",
                "sha256:79be108e63e7812237a67a7d2c97e1ab34411d4b3f7ad537e196f6afc0803659",
                "sha256:7e624b05e9c7ef50cbf7f3fb69d54a8b8e5924c21161634f02d93e2cbe845337",
                "sha256:7fdc50c290dc26d61891255b6e118606c1fd8fbdfba3059da199052172ecb539",
                "sha256:80c10fd8879dd5972ef67cc91255d628e860f477b0f9c9f165331132916ca637",
                "sha256:825481c04ecd4c8e493a9f6c4b0f35d49ddf62a5576d7247e91d8e19a4bc87ff",
                "sha256:8475e23ea2aa9dae4bac28f3ccae403e2cd07c36162a2b4a2bf8dbe43cf28509",
                "sha256:84fd77bb1a66d9cb06ebb68fa4480204b69ef6bb314e942ebad3f2952ea0e072",
                "sha256:886e727e11706897db81d97b976c12e3613c22df299d56bde446e71906ebbc9a",
                "sha256:887c822fbe85e603dcab24138fcdfa02262e41737ccc016238c435e44b4a53dc",
                "sha256:89db0fbec47cc45c9044c4b91ca0ce00d6f048145eaa3f49e9d4b1e420057fd6",
                "sha256:8a9d20c8a509213bf0c3235c79c3d1892aa887521dd7ea4c36a2ee40dcdb72ab",
                "sha256:8af72cee8823da6280251e53aec774abfd093588a6db9ce8193d0076851601d1",
                "sha256:8d33a2be566fdb81fc6de918930a9cd3b434eb6d696a086ddbb0ff73c180402c",
                "sha256:927e248fc2225709ef82d8fbec88e1bc44286cfcb2e033e83d9bc935e863a897",
                "sha256:94ea4531e2bbe385cc2dc965e1cb33015996e808f966c0a334ee2ad8f381264b",
                "sha256:956968b9b32a74eaade95502c1664038c978731c17bb2c4e039bbdcf0279653a",
                "sha256:9602e34f57f1c5c7c4c4b9b5fe11968c3223182cabfc6dbd7d7ee06e9ff25b95",
                "sha256:99e9653684d800460b3c438741091735ac43c2b27f62ea63eaa53d85aef987b6",
                "sha256:9c45c819ff4ede289b1b4bf81aa904a8bdc58e2234e29d68b525d8ccf60ef918",
                "sha256:9e92f4319f2fb955f6e8f620381fe015e67c66506de73dd0e92ef0e0d10fab20",
                "sha256:a1da543c6fafbae059e90df5756df17095ee059c9a9ec7acabd7dd88cc273184",
                "sha256:a2fbff8464c7831cc7e2dc9dd7f04301de035c44481c1fafad7e87d2e479cddd",
                "sha256:a55b966ce6e3cced43b1b337652fb714ea355e8cc4647045118b525e2e57c722",
                "sha256:a7f61f507488fab88d0e561f7390ae77f8af397bd0106e11437be9b0fdaddcf9",
                "sha256:aacebc0cbf1e4068918b0d6450ab538ad7bd4c42cd866e76bbb13f87af45def4",
                "sha256:ae8805ea5d0dbb31d232437df9d23bf4a21a1a7e472cce05b11594662278b3b4",
                "sha256:b22cbcc8e5ca399c0b231a74bb87b4f477a59b4c4852daa7f488c0a6561b1666",
                "sha256:b4006292f09145ce642131e2cb53e79ee12a92ef0f938d8e84e5d4d28cb7a030",
                "sha256:b5c6bb7a7bbedea92a6c6c200e1b01f3b5059a6c5b5b8face1fcd396682f0e29",
                "sha256:b659f4f8cfa388734550db794752dcf8fb7bcef7fa2e55ba877e961350fcb8fb",
                "sha256:bbbe64f19cdceb306b91bed01ce875e3f4ffcbafedaf2d30bedbeb33682a026d",
                "sha256:c14da904d02f71b22e02004188ee0df66568415f6941ea32f124a0c07d57b88b",
                "sha256:c3e58821fce2fa93406bba043eac6a8c24518e63d9ead044623d1fc92205380f",
                "sha256:c4047b3dd1b581b56808a8a5e6932bb246c81cb7de3b5eeb82b2fca23233f6b3",
                "sha256:c5ef2175682f3016589df34c0f348a7840e7513c60a1a3f60b6b78326509b5aa",
                "sha256:c60c9e1737f38f33af43326285d1d827bb8bf29974c758dddbca956ec3f3d72b",
                "sha256:d1db77297c2057533bbe9746c4992d0e3af33473bc585348d171646133257eed",
                "sha256:d275ca1b6dafde6807a5b1baece9f49ecf63c2cb744f61e774800c07cac78d0d",
                "sha256:d3c881e567ee36f791b850358154daadb5b1262a9bf8a56b2048f53586b1e678",
                "sha256:d8d2ea99f8b4412eb4c320478148e58d76e5ebbb12bb487d7c64f7b4100517b0",
                "sha256:dac13e7f83f797e9a9106ce6d6e0263a65962188ceba74326fcfbe1d485c658b",
                "sha256:de4e86991ff2e11736f3bc08c4616d96b3a79fa2e793159df54c2949cfd9edea",
                "sha256:de73d86d7ae6af5b6248840c4b700a39cdb13f7ac8f5e31d74f203c8cffad8fc",
                "sha256:df45b9f1e7ddafe4e6e51382cb39cd458e99a5536278b5c5e713dac8c698bee7",
                "sha256:e16cd27f6896238d9a09998e1bd2244a68b0ea43e6325f2e6107fd6497731248",
                "sha256:e45ed005bbb6cb7f77682de2c72e33797f84310f8ffd0c97d0bd5b93aae4e185",
                "sha256:e4ebcde088974cb23332f921b6418448d4328873311006798e61e23ceb773376",
                "sha256:e829a39c3ead7e91ab58cbf82800cdac4306a71805962d5e0ddb0c292d521696",
                "sha256:f20441ccb3b500c5e6368afc237257775fb893584aebc087157056f78643f3e8",
                "sha256:f2738a9c49015c65c83a077a8c35a0e525152a6505ac267ba25d7b25a4547bb8",
                "sha256:f42da6a579030774a25df67b5432ced73bd2f8eda36df11d79739059c03c4740",
                "sha256:f5967b021e36448d870012c0853342a119d7427ea67e3b23abb8798897bf14be"
            ],
            "index": "pypi",
            "markers": "python_version >= '3.10'",
            "version": "==2.8.2"
        },
        "orjson": {
            "hashes": [
                "sha256:010811c1b69773450a01cef97727a67b223242f350b77d4ca000e59a9ef2155a",
                "sha256:01efac2074fffb4cb1ea3fab7861e9d0f2a26913854a972f5ac760525dbdaf6e",
                "sha256:03091c8a64db4be38746597ceea68f33c238e27acd9bfe99fb59420224ae7a55",
                "sha256:08231552159be266a7269555bd9f7c016aee7d9ad6dab06eb58796c5ccb7101c",
                "sha256:0b1ac5bf6609b2716c7954011c5fef6254922df029f45d032ee4ebf5d363cbed",
                "sha256:103b5db66aa53c1f9e88c2524be4f383e831ba7dfd5f9f5af6336a177c622f11",
                "sha256:1192a7021b6d071aaf909864f6e924d6a2675ca360485b972b8401749311750b",
                "sha256:11edb4660a6680abee9788a3a9072208a2c96538cc1322bd79542065229d8e54",
                "sha256:18a87929f31d94a77f7dc93cf527e91f39ce7fe7813d588a4de2507efd32a387",
                "sha256:1c680706fc8396d95e7c4c1f9482563f552137aef91b57237a3ad5aaf64629df",
                "sha256:2b7bcefb9f40fa242fa6b06377232c048e655747790829609168c01162f60578",
                "sha256:2bb3ce43203936072dd8b4917b01d3aecfc02329bfb42510cb7cfb24708adc9c",
                "sha256:2d3a9da945a4d96ae758fdaaca56742e6b73b6fd554c5d8876f252a6dad70b83",
                "sha256:2eb5c56e534127b2b8fa38d2363c8b1b8190367ee0d1d16c041517d880843b94",
                "sha256:31ed278a36304390adc3eec5d7f6fd593a7c3e99e5a06cd07866396c4b1b4710",
                "sha256:33efefcf5d88eaf400b47e2eba02f91f319bb9951be61ca500b7d536d3f2079d",
                "sha256:3bb17a06f9bd15237b3216c044209fe92597379124018cfc196fbb846cde64df",
                "sha256:3dbce9b6b3074b31a5d5dd322a9c4e5b16f206091ece4194c2e36952847a105e",
                "sha256:40f92192227505acca4e2533ce565f8e6b9535f7d0d09b0968452f18b7376b38",
                "sha256:477ecaf6b9f88f873341b91fcc736119ca81b5e002a9f7f308ff5b4f2ce2a70e",
                "sha256:50fae885cb073eac7556353ff3df93312b0d5137b0a5056b2bb63f97ed9a93c7",
                "sha256:532ff8cd4bd59a327a953a7dcde922c7fc25b85e29721bb8633265430d3a3873",
                "sha256:53c0c474a9d9aff9aebfc0c88de1f28f843d940e6e3a80729abdf6a20274356f",
                "sha256:58c58e1de0006ffb580368d6793c36c7b0b021db066479cf281bf5061e732328",
                "sha256:5a0fdbc216388f653d3752ff310e710f59253bd4ed6a2bfb3f4f06b84714bbd8",
                "sha256:61318b6de893c7a9d9f3e5ecbadccbfc26a7eb417ccc7bbf0771de3b4d72f868",
                "sha256:644d005bc82f917337a95ce270c9f6f92f9834c2bed7b1477572f8db00784222",
                "sha256:6a2a79c89984dc719817d388c8709e0efc2a2795a934eaa746b4882eb6045adc",
                "sha256:6a31348d7dfa64cd9c78bd1f510ff44c48fe64d71094e6b90e364dba3b55949e",
                "sha256:747843254519dd43b93eee3153a19e5a509334320c4d2f823ec879232db5c796",
                "sha256:784106539f4b9d4b930e0b4eb8d45168507dae001945e71b4675a367f1e5e806",
                "sha256:7c2ad193c8004254f34b499f3bd2c80f043d10754aff2b38f93da574f4883f98",
                "sha256:83445adc40cba26d6d621185a45128ce455b766af368cad2ab64b970603a7978",
                "sha256:859fc4196855890150bb08e649b30d2c93b249b3e3edd0d3bb2231abf8aa8adc",
                "sha256:8c3bb86dd10f39b3fbf434b7d5dc7cac77d6fc8ac572ae30a10731ede2c4b647",
                "sha256:8e29957429c35bbb5a185a119c523aa2428b7bbf1a293724c7b9375ed8f892a3",
                "sha256:8e386b0bc0ddd7cd2056f884b5a0af33592bd01ac66a7ca4b42a65a7e7774a13",
                "sha256:92ffc09e07233a6ab6d4e067f7841edcbcc134cb4812155cf171ea5255a421d7",
                "sha256:9a36ec60f1796f9a3f13e3b98390295e17a1c7c10155b448d264098bf9ee5900",
                "sha256:9caf3d09f47c3c70c4451ada20ef9bc4a4cdffa26f49862cf0a253b329aae2d5",
                "sha256:9e6fee342a48760e854d743e7a81534d8e2925a6f46e09f750cf56b50fd1de5d",
                "sha256:a15f9a891bce5f5cc5d210e3ad8614d4d1b489a56448c099d6d2a7168b2d954a",
                "sha256:a696529ec96a90d9a5f9570207efe403c8b08f8e4aa2783ee3403511e2fdfa10",
                "sha256:a6cf4b18e7de173f209f2084ffbd736dd72389a396326ee80a7022168be232e5",
                "sha256:a791f793b287bbc135b8e87c34e35c8bfc693e2a8a620fab1ae682b925f9a32e",
                "sha256:a94f0f0c6fcbb2b5bd9734c57a489c7584a732bbdf04a39e8c83b861e9d03e92",
                "sha256:aa3e43a6846e91d7bde3d5a9c66090fcd8744f569a9b6cffc5e1ca38f6a461c0",
                "sha256:ad0422b92d5195443a39f80c3bcf731cc2e00f153bd32063a47b73b057bd0f03",
                "sha256:ad29eece0c601737f2a60edc2752a84e7a0785df3efb62e3012834700a5afe0d",
                "sha256:b85931be5b6763c31283805c9bdaae1ca03ad9f6f12a15f1cbf6745b907932c2",
                "sha256:b9dca132b1fda5565088e65a6b6e742285e0aeceb6fae549fa8863e16c7d3998",
                "sha256:bc7a872f03522d90e0429e6c0c5cd23084f767bedcb4c58048eec19294613344",
                "sha256:bd57d79aefa3f84eec851d6de7a366795b9345cfaf17f82b4820430a7a5fa241",
                "sha256:bf44e374aadde77b1f6109f1030be51433eb61984379852766b6f4e187db7b1e",
                "sha256:c6b11be792c3d2c6a4be2af4ebf97a68d0bf5f580aca6e86a418a354f6cc846a",
                "sha256:d14203fb1aae2ad9b3d52f8a0e82aeb10197ef1c9bc61da7f358bd70b00123d5",
                "sha256:d39f3f5c3927e2dc0913fe5bbc1a2f6b1b9d1bba1de6358340d0ad0d0c00ca92",
                "sha256:d8e78d3d93705e3d27cc17cdb209e44d7a8ea203010cac6ce9c7ffc1ae1996f1",
                "sha256:dce0166feb0a737ab84f598c9a338cbc0b764a036617aa686194f53c7eba0c3e",
                "sha256:e4ac5059baab4b3acbd99485de019ff8cda0fdf34b61fa74f7197a53db78bfe8",
                "sha256:e9683ee9ea0659da64f36574ef675b8a86330c34c19ea75db1fb93c3ff99e0ef",
                "sha256:ed4ca42bd55955aa34deedcfdfd0e0c31abf51143aae158ae2bc3520b626e517",
                "sha256:f06dd838d1e07d9b1de0932ec0485ec92c4d5f5d1ad4817a656268c3e88be1e1",
                "sha256:f3c0683136acdc29afdf88a5bc2f7d3d0e34087788d1d63c0144b805a87a196f",
                "sha256:fb2539159dfe8d371914f354360fa50e4a577cc89222a3828b9650a5e5040252"
            ],
            "index": "pypi",
            "markers": "python_version >= '3.10'",
            "version": "==3.12.0"
        },
        "packaging": {
            "hashes": [
                "sha256:94edc256424af38762eb31306eed28beb9f0efc50a8837492c9d6fd6004aed79",
                "sha256:d7193f7c8e4e93f444fde0262bf90af30e16fa0ad0ad44cb553c87339b23cd1c"
            ],
            "index": "pypi",
            "markers": "python_version >= '3.9'",
            "version": "==26.3"
        },
        "pip": {
            "hashes": [
                "sha256:71138adf1f4ca900cdb7d289c21b7494329f2332b6d85f0e1c42108c0384ed3e",
                "sha256:f6ad667e89a1fe78046c8f13232b247200f5258d7828f3f7883d660878e0813f"
            ],
            "index": "pypi",
            "markers": "python_version >= '3.10'",
            "version": "==26.2.1"
        },
        "pltable": {
            "hashes": [
                "sha256:dc8eb7cb9721a7090dc7a5976fbec7d3ef6b82a61f86c3b98700571a3f10401a"
            ],
            "index": "pypi",
            "version": "==1.1.0"
        },
        "pydantic": {
            "hashes": [
                "sha256:346a034f080da3755d8e9cb5e00e8b07de1d39e4f6e2c87d8ab7cafa0b269a73",
                "sha256:51a9c5f7b2f8e636f04c6cada605d9b6a3bf1348fdf945a3d8869b19bba0ee08"
            ],
            "index": "pypi",
            "markers": "python_version >= '3.9'",
            "version": "==2.13.5"
        },
        "pydantic-core": {
            "hashes": [
                "sha256:013d6f3483d81e02e7c328831808f336c8596ee33b4bd4026b9ffb1e960b8942",
                "sha256:03b9666e41e35d8909852ba191a0607520f81b74eaf12ccf8737005dbb313821",
                "sha256:045ab3b6d308439e32b81cc173bba5b9018bc6ed896afd0c65b3b009b1699af5",
                "sha256:0bddb4020d8f04175865ccd17eff3040874fc11fb593f424edb452653b4b947c",
                "sha256:0cdbada856a1c69a7624a64d3d9aefe79300bd6ef827b43a4f265010b9b55184",
                "sha256:0fc5be0abd4a407e200d844b404e33639a554e7bd0d448e7b9ae181be4789ac2",
                "sha256:10416c15b8839ecc4ef4d0885da76da6fd0f67333a0eb8aff6d93c4b8f2910fc",
                "sha256:15f4a94963c95accac15b7b657bb177d3ad82bb90b0d0526d9a9b85079925db5",
                "sha256:18a09e1e1011b462f2e32774f25859ef1223d5c2b0546a633cf56654710721e0",
                "sha256:193375f3548919d3f0b60936ca113ada3e38f264f91b9b8e0508efaad57be931",
                "sha256:1a353f84de772f423b5ffb11d7ae352fbbef0f446f3c0b0af0f8236d7233606e",
                "sha256:1e449def1945a462c464331254e5a44fca7c3b4f9aedf59ec2f50f8066dd8e25",
                "sha256:1e5aad1220a1192c42341c8fd4a8686657e73ab2a920c970bdc4de334fe3193d",
                "sha256:200aa3dc9f8d54f0754f43247c0bad0999fdcfbfd2488384dd44f37279271fe6",
                "sha256:2471fd51c61c610e1dcf7de44d7299283661654d11264ab4802b303368d69c47",
                "sha256:24922243639cbdac66c75fcb6fd6495a9cb52b213d62f9a0d16f0310b1ff8038",
                "sha256:28a6a556cd3b6066bea827857f9d9cce027c96f776e512f544a581f9e42161f8",
                "sha256:2bc9419666990c06d7397831f2126a1ecc3594aaa3ff7de5bf2d066802f4e07b",
                "sha256:2cbd9a5eff05e51c447c34dfa4632145b26b09120cf04bd0c871e44c1a5e1c9a",
                "sha256:2d330aaba8621b1edcec8ae2c4050f63b84ccf6d98723a8f212e9684713abf0e",
                "sha256:2d5d76654becf5efd62c9e51c3756c67b49498b0c9a40884934c40807adbd074",
                "sha256:337639ba62a11acde6ef3aeb08c8ea755f8ef1fe5e513356c0f36a2b0d7568b0",
                "sha256:347ec774390c87326a2e4929d58d3f7e8763a104d5d35f4cd595a4c952366433",
                "sha256:356c8368cbc321050b169595683a2e1d63413b1e0e2868b330af9fc14c616d3f",
                "sha256:37ae34309d7bd8c0d61ab839668058f2a7962ea1fc51d105d2db228fe0618034",
                "sha256:37ea7b83c935e5b0d68c9449b82651accf78a10828b2c02b2f2d9e9496446c21",
                "sha256:3a3e26b6a8274211bddee2d0e4d0d42778f17a34510f49d2ec44b58abfc41736",
                "sha256:3aa166e99c4f2985407fb8714aebede877ecb5455cf321b606adca926d30d5a0",
                "sha256:3d2652072b2d774947ba5cf78a9e59644ac62ee572daf6dd2e1dfe905e15b2b7",
                "sha256:40375c2d05acec10323e45dfe2077ac44bc74659008614af5069034e2cfc781c",
                "sha256:413a717a410d0c817ef5b786a059415550b3794e1d0c2abffd9efb93a3d9f7b4",
                "sha256:46c25dda9d092a06c08db76ffe0a197107904d0dfac653f7d5306bbcd6d6119c",
                "sha256:49776eab08766a08dfff7012f8b422dcd7e25e43b316eedf0477c24fcfa84b7c",
                "sha256:4d44cf99ddebf875f9b68cc267aa684c99b7b44fe63ee1cac4ec163807290069",
                "sha256:4dedce55295becb61921e386b99d4f2706045306e7fa52249a33004c837379fb",
                "sha256:4f8507560a9284e1370bb048ed4282012fbef4e8d109875b95e884d228552061",
                "sha256:4fdc8b93a41521988916eeaa271173fcca7fa0803d62f87675aac8dcec1c8e29",
                "sha256:5086029a57366b8cf81b130a43908738095c270c21a8d7f0e8bdfdb89718e2f3",
                "sha256:52e24eacdb536cade636aa90fb851835222becff8484b7001fdc78cb0290f2aa",
                "sha256:53feb344243bb9510a9dec7bf3cf1b64d88a98af5dc7872a5160465f8b198c8e",
                "sha256:545f26c504b27c3758439a5e6d9349931f0a04f855668d5fe323c89e82300a38",
                "sha256:54d510bac3ee52247af28ed4bb18a1e799f040ac60fd2bf5ccd4c92f1fbe786f",
                "sha256:5cb482e9e84c851f4e623fe4acc1ced89168cf1fe18f7089db4548c8f5bbb65b",
                "sha256:5e81740c09e310f5aa5cbd3e434a01c154d4bef93241c7877b39f211d2b78ba8",
                "sha256:5ee239d575f80b08eca11f6e20f90c4c695de7825c67eefe6091fbf20dda648e",
                "sha256:5f194189415698233dd1114a093a9b56e61e2c57e11b469be3b0506f46f0771c",
                "sha256:5f93c5fe914d75fbec9a49209b00da5f08e9e467d69da2b1510c81940cfd10be",
                "sha256:657b40d6240c0a7b6a64b30f22d1e3aa631c7e846c621b0c0f6d1d75e2e15ea6",
                "sha256:6d30e1a4f138b8951063e9a394752a9179b51da288ffa507b1e659222f4c1793",
                "sha256:6f7b393a8b3da82f5c1fc0751e6d01ac6c55b93c18226a60bdfba4a724efafd1",
                "sha256:701b2e04b560eeb4bddf7a25ab8ca476176e34fdbd9a0e18196f0d12d4685f0b",
                "sha256:771cf63ae0b1b50dd22e5f3e3549fab5f3f4ff1635d352a9e1a97fe01c7b2e64",
                "sha256:79bdfa52f843137045b2d081cc05c120ba6665d29b7559c2c47690906f39279f",
                "sha256:7ac031912d54f3d83ef3b3eb98dfabc1608802e2202263d25957eeed40b94761",
                "sha256:7b0fc826b16c55e561e5d2a0c5c77b051ba1d92808118c4e4b5390f5e0cf191d",
                "sha256:7c6be839a5a8312626b32029a415644a0846b420bc8b52b95b28cd92da162168",
                "sha256:816ff0a6550ffc06c098ccd2e0698600f9aa7da192a79eaa6f9af504a35db869",
                "sha256:82a36973cf8a2ef5406f4fe2edbf8ed0c99629535d959e0b100c76a32535a111",
                "sha256:837b396ca3d7b74091ca623f6cbd8351bd42d670a79c2683e79fb089f06a2de5",
                "sha256:850a08d167dde16db8702c274f320c7be9d7da6f6dff2b58b18f9e815bd94f5b",
                "sha256:8816f3d218beb4b787de5c9759c259b8fa61f9dec42dc7811f320a33771778b7",
                "sha256:892a881d5f68c2b9ea304b7a6c2c60d9343df578a311b0f86b94bc8f1ffe8129",
                "sha256:895395f8918627b04efb1ad2a4cf605387143300ba03304cd1dfa6d03f5e095e",
                "sha256:8b10e3e8fd7ddc2bd915848a2768e44c15b22936f1cc54c462ad1164deb02655",
                "sha256:8e24d8f05fa2d28513d94e877e9c75ad66175376209b3977f916e240e623193c",
                "sha256:8feeac04b5794e513e710af2f9c87d49f31a6dc47967bb264a1fed61a8989bec",
                "sha256:9432f3598db432cb51c5b37fdbf29a60fcccc79e30d37a05022776a6bc4ab689",
                "sha256:976e1128455aa595ea04c79ccfedff1aaeab96ee013fcc916bed120c4f0ad94f",
                "sha256:978e7b97d4824b5be09c69fb70507cbde3b0323fc147332ca40a94d9a6a0ebbf",
                "sha256:97bf8de4d541598c94a59344eeb988a94c08ff76b5723c41f6567ec18c7892ea",
                "sha256:97cf3eb53a8cccacf9d46686a0926186c9bfb5574f2ed66d3639d5fe117cd3a9",
                "sha256:9b68938dd5b0c783d88ff8e2dcc69451b5eb936fe212d516b21b9d5567f6d464",
                "sha256:9c4b71f10dd532fb7a5cbc8f58707779e64f03a258c2bf8bfbaecfcd9970b519",
                "sha256:9f47b8a949e60f027f0aa0a6f6c7b7e9c55cbf4380d10b344e282fa4e7ab1e1b",
                "sha256:a1dee1b804ff4d11c663636cf15d2ea47e9f79cd56c033fb1cbf08924842a48f",
                "sha256:a2468d93d181667a7abd66e1b64bb9f76f361b0fef8faddf687456453576f5ee",
                "sha256:a2a5e1d0ff29adddc9f6d6821a66302e4493f8ca898b715b6b1182c2c201ea0a",
                "sha256:a39ac25a9a2fa4072efdb429833c4a4c8009a51ff9eea3eeae131713cd27991e",
                "sha256:a445486499897b88a7d6c310c88ed64dd37b1b59bfd7ae9107490bbb362f47d6",
                "sha256:a91c17edf6eea2402cb5457b4c89e99bc5ed1004aa34c4adf1d4258c1a5c22c2",
                "sha256:ab4b66edffb32d9e951efb3814bd104b8367a7501b81b955cacb5726d897389f",
                "sha256:aca6c767f552b21b10f774aeac128e828eafb796adfa1b666a18bf6321453c3a",
                "sha256:acf8a67ba51f4ca9ddbd0e6b3000a65ac51ab734661778b3e7ba64d99a710f2f",
                "sha256:b10ec717381bdbfafef34607824db4c91de69ff085e4fca3b2af91b4fa17e68a",
                "sha256:b49924c73a235e969511bf2aabdff3beebf9820931f646c80274d5d780010c47",
                "sha256:b6acfb46a814762367fb7ba0828b0a17d441b92ce249a0e007474c9072662dda",
                "sha256:b7ca9034437b6022f941f4857459562ee00a560b97e7cce8a0ec5a74fc6766e0",
                "sha256:b98134087d9de723658d17a42c7d0da8d6e2ef08015dee7dc93889047315f5e4",
                "sha256:b9fe6fb92520e3fd61f2e49000b6911b188824f089b75973ea06d6267f0b476d",
                "sha256:bce57638e08ac148e5778cce7feb968307a727d66f8e2274a543d0cf0c9ad6a3",
                "sha256:c14ad3bdc85ee7f318742c457ca3968a92126d144b15721c759033bfb06296c2",
                "sha256:c1c43ad4339643d70ebb8124e1305a7dab423001eff58bb41a0f731adbc98355",
                "sha256:c3471e5c4a949c26ec00a77f01df59096aa9495877de76fd60a980f8ee6be461",
                "sha256:c583b927a8838dab890706a6fa7573fbb8b70e24000ef9f7238e2d6f6435a5ed",
                "sha256:c76fe65e607be28c7fd4d56fc3c42b1583aa058ce3408b7ad0fd540171d31f9f",
                "sha256:c7ea57fc63aa7da93a1bd2d644e6577befae10c52c4e36377635eea1056a74f5",
                "sha256:cd5214352ae68f3b5e9af7768bdc5253695ee069675db3480518420b3be881f2",
                "sha256:cdbb78909f52b981d3b2d56b97328d71eb0b974c36bd77c920123a7ebb192829",
                "sha256:cdc8b74ecc48c0cb1e9607a05ec4e9e88db60a19ffcc9a1d5f9088ede40c8dc0",
                "sha256:d0a24b40877af2de4950252be9d21eaf7fb07660f3c2cae1f56c6b599ada5266",
                "sha256:d22a945598fb91236b4dd793a6e42e4f3dd7740bb5aace5ebd7d4c08d13bb575",
                "sha256:d2f9fc07a8042a8f95925b35c4f04f469707c981fc33245b6ca187cf5d2dd290",
                "sha256:d625a186a65201c23a9e3b8ed9c47e90a026e03256608cc91851c6709096844f",
                "sha256:d925f3d9afd05a8c0fb3a1031463a8d59ebe5e2afad297e29c78be19e13b4e62",
                "sha256:e64e88d5585bea9ce95861079de72006c7fa6d3df4e3a3b65ba31eb979c15c9f",
                "sha256:e652ab17569c94bff5475520f907b7148b8c24036a8ebbe5cf7cf7493d28579a",
                "sha256:e7b891faeedeafba41b2983e5001a81b6a915b69544c7e7570d1989ce1c36ac7",
                "sha256:e80675d75ae2cd14372cb65cad5400d9347a3d3f6c13000183f22dfd027283ed",
                "sha256:e9c134bb666dd54b778b9fc0d2b50cbb7f979b9e3716f26a88c9ab3b6fc1dd0f",
                "sha256:eb7d8d0e5886a89a55d2eef490e272fa965a9d57c6b29a5b5088a7997ec2cad1",
                "sha256:ecb42011e12ee19cafbc312887cbf3546959fe02fbad44f272d4be5baa997615",
                "sha256:ef3fbbf161dc9351a2fe0422e51b129f9e97e42385bd0320b309c15f7d287dd8",
                "sha256:efd62a42486f1bda5d24cb4f63d15a3c7768375fe83d36f9417b4ad7a2fb20b3",
                "sha256:f077d0b97ab11fa7dcc633fca53515f290bca8a8a633e966d5b6d1879d9ed01a",
                "sha256:f332f0e72a5a0400141f830744e141bf9f97917878dbe968669e8a7fefea78ff",
                "sha256:f7b0ec93a2893de856652154d73b7ba622f26fa97726487dcac373de5f4c6084",
                "sha256:fa10ef4112775900e7a0661068635eb67b2ab824fbde764de6e0e21982a93db0",
                "sha256:fc5d783bd4a2387e97b8a2d5ec781cfb92b3d893bf82370548e99db5915935d3",
                "sha256:fc8515076c11f3cfdf4fb142dcca0fe384b1230a3b5415458ac84f3e0903ec13",
                "sha256:ff218293c9c806138dca139765e3b067621be52bcd93cdc14c7711be7ddc90a9"
            ],
            "index": "pypi",
            "markers": "python_version >= '3.9'",
            "version": "==2.46.5"
        },
        "python-dotenv": {
            "hashes": [
                "sha256:904552145e8bfed22162c09dab1c2b9b54fefa7b23ba780f4f26ca0316b0f0d9",
                "sha256:a20a594dabeaa385725aa239d5244871c143ecb356add8a20fcf23773a6c3a35"
            ],
            "index": "pypi",
            "markers": "python_version >= '3.10'",
            "version": "==1.2.3"
        },
        "sqlparse": {
            "hashes": [
                "sha256:113c35c75365ab9cc9c7231d68c6428fb11c085fc8e9eb1ad659b7ddbf6cd2b9",
                "sha256:b861c0288ce2fa56209a9a6412d2e066ac664b3873b89c26c9d8415e8e32996f"
            ],
            "index": "pypi",
            "markers": "python_version >= '3.10'",
            "version": "==0.6.0"
        },
        "typing-extensions": {
            "hashes": [
                "sha256:481caa481374e813c1b176ada14e97f1f67a4539ce9cfeb3f350d78d6370c2e8",
                "sha256:dc983d19a509c94dba722ee6abd33940f7c05a89e243c47e907eb4db6f1a43e5"
            ],
            "index": "pypi",
            "markers": "python_version >= '3.9'",
            "version": "==4.16.0"
        },
        "typing-inspection": {
            "hashes": [
                "sha256:547274fa6b0a561ccf549cc9524b999a578e737d015d8709d021f9d0d13bea47",
                "sha256:65b8397ba37ccbce054456aaccddfc91e6e3083c92824df348d96ca832f3f147"
            ],
            "markers": "python_version >= '3.10'",
            "version": "==0.4.4"
        },
        "tzdata": {
            "hashes": [
                "sha256:4a1518b8993086a7982523e071643f3c0e5f213e75b21318e78bcabfff9d1415",
                "sha256:dc096730c87af6cab1b171c9d532be840741ff5d459015e7f6947bd7d7e54931"
            ],
            "index": "pypi",
            "markers": "python_version >= '2'",
            "version": "==2026.3"
        }
    },
    "develop": {}
}
